// !$*UTF8*$!
{
	archiveVersion = 1;
	classes = {
	};
	objectVersion = 46;
	objects = {

/* Begin PBXBuildFile section */
		A04C7E1A14819BCC00B2FFFE /* BindleKit57.png in Resources */ = {isa = PBXBuildFile; fileRef = A09D4E7C1475C4E000A2377D /* BindleKit57.png */; };
		A04C7E1B14819BCF00B2FFFE /* BindleKit114.png in Resources */ = {isa = PBXBuildFile; fileRef = A09D4E7B1475C4E000A2377D /* BindleKit114.png */; };
		A07A62351450D32900DDCD38 /* UIKit.framework in Frameworks */ = {isa = PBXBuildFile; fileRef = A07A62341450D32900DDCD38 /* UIKit.framework */; };
		A07A62371450D32900DDCD38 /* Foundation.framework in Frameworks */ = {isa = PBXBuildFile; fileRef = A07A62361450D32900DDCD38 /* Foundation.framework */; };
		A07A62391450D32900DDCD38 /* CoreGraphics.framework in Frameworks */ = {isa = PBXBuildFile; fileRef = A07A62381450D32900DDCD38 /* CoreGraphics.framework */; };
		A07A623F1450D32900DDCD38 /* InfoPlist.strings in Resources */ = {isa = PBXBuildFile; fileRef = A07A623D1450D32900DDCD38 /* InfoPlist.strings */; };
		A07A62411450D32900DDCD38 /* main.m in Sources */ = {isa = PBXBuildFile; fileRef = A07A62401450D32900DDCD38 /* main.m */; };
		A07A62451450D32900DDCD38 /* SKAppDelegate.m in Sources */ = {isa = PBXBuildFile; fileRef = A07A62441450D32900DDCD38 /* SKAppDelegate.m */; };
		A07A624D1450D3E800DDCD38 /* SKRootViewController.m in Sources */ = {isa = PBXBuildFile; fileRef = A07A624C1450D3E800DDCD38 /* SKRootViewController.m */; };
		A0C3247C1481A07800CB93DC /* BindleKit72.png in Resources */ = {isa = PBXBuildFile; fileRef = A09D4E7D1475C4E000A2377D /* BindleKit72.png */; };
/* End PBXBuildFile section */

/* Begin PBXFileReference section */
		A07A62301450D32900DDCD38 /* SlidingKB.app */ = {isa = PBXFileReference; explicitFileType = wrapper.application; includeInIndex = 0; path = SlidingKB.app; sourceTree = BUILT_PRODUCTS_DIR; };
		A07A62341450D32900DDCD38 /* UIKit.framework */ = {isa = PBXFileReference; lastKnownFileType = wrapper.framework; name = UIKit.framework; path = System/Library/Frameworks/UIKit.framework; sourceTree = SDKROOT; };
		A07A62361450D32900DDCD38 /* Foundation.framework */ = {isa = PBXFileReference; lastKnownFileType = wrapper.framework; name = Foundation.framework; path = System/Library/Frameworks/Foundation.framework; sourceTree = SDKROOT; };
		A07A62381450D32900DDCD38 /* CoreGraphics.framework */ = {isa = PBXFileReference; lastKnownFileType = wrapper.framework; name = CoreGraphics.framework; path = System/Library/Frameworks/CoreGraphics.framework; sourceTree = SDKROOT; };
		A07A623C1450D32900DDCD38 /* SlidingKB-Info.plist */ = {isa = PBXFileReference; lastKnownFileType = text.plist.xml; path = "SlidingKB-Info.plist"; sourceTree = "<group>"; };
		A07A623E1450D32900DDCD38 /* en */ = {isa = PBXFileReference; lastKnownFileType = text.plist.strings; name = en; path = en.lproj/InfoPlist.strings; sourceTree = "<group>"; };
		A07A62401450D32900DDCD38 /* main.m */ = {isa = PBXFileReference; lastKnownFileType = sourcecode.c.objc; path = main.m; sourceTree = "<group>"; };
		A07A62421450D32900DDCD38 /* SlidingKB-Prefix.pch */ = {isa = PBXFileReference; lastKnownFileType = sourcecode.c.h; path = "SlidingKB-Prefix.pch"; sourceTree = "<group>"; };
		A07A62431450D32900DDCD38 /* SKAppDelegate.h */ = {isa = PBXFileReference; lastKnownFileType = sourcecode.c.h; path = SKAppDelegate.h; sourceTree = "<group>"; };
		A07A62441450D32900DDCD38 /* SKAppDelegate.m */ = {isa = PBXFileReference; lastKnownFileType = sourcecode.c.objc; path = SKAppDelegate.m; sourceTree = "<group>"; };
		A07A624B1450D3E800DDCD38 /* SKRootViewController.h */ = {isa = PBXFileReference; fileEncoding = 4; lastKnownFileType = sourcecode.c.h; path = SKRootViewController.h; sourceTree = "<group>"; };
		A07A624C1450D3E800DDCD38 /* SKRootViewController.m */ = {isa = PBXFileReference; fileEncoding = 4; lastKnownFileType = sourcecode.c.objc; path = SKRootViewController.m; sourceTree = "<group>"; };
		A09D4E7A1475C4E000A2377D /* BindleKit100.png */ = {isa = PBXFileReference; lastKnownFileType = image.png; path = BindleKit100.png; sourceTree = "<group>"; };
		A09D4E7B1475C4E000A2377D /* BindleKit114.png */ = {isa = PBXFileReference; lastKnownFileType = image.png; path = BindleKit114.png; sourceTree = "<group>"; };
		A09D4E7C1475C4E000A2377D /* BindleKit57.png */ = {isa = PBXFileReference; lastKnownFileType = image.png; path = BindleKit57.png; sourceTree = "<group>"; };
		A09D4E7D1475C4E000A2377D /* BindleKit72.png */ = {isa = PBXFileReference; lastKnownFileType = image.png; path = BindleKit72.png; sourceTree = "<group>"; };
/* End PBXFileReference section */

/* Begin PBXFrameworksBuildPhase section */
		A07A622D1450D32900DDCD38 /* Frameworks */ = {
			isa = PBXFrameworksBuildPhase;
			buildActionMask = 2147483647;
			files = (
				A07A62351450D32900DDCD38 /* UIKit.framework in Frameworks */,
				A07A62371450D32900DDCD38 /* Foundation.framework in Frameworks */,
				A07A62391450D32900DDCD38 /* CoreGraphics.framework in Frameworks */,
			);
			runOnlyForDeploymentPostprocessing = 0;
		};
/* End PBXFrameworksBuildPhase section */

/* Begin PBXGroup section */
		A07A62251450D32800DDCD38 = {
			isa = PBXGroup;
			children = (
				A07A623A1450D32900DDCD38 /* SlidingKeyboard */,
				A07A62331450D32900DDCD38 /* Frameworks */,
				A07A62311450D32900DDCD38 /* Products */,
			);
			sourceTree = "<group>";
		};
		A07A62311450D32900DDCD38 /* Products */ = {
			isa = PBXGroup;
			children = (
				A07A62301450D32900DDCD38 /* SlidingKB.app */,
			);
			name = Products;
			sourceTree = "<group>";
		};
		A07A62331450D32900DDCD38 /* Frameworks */ = {
			isa = PBXGroup;
			children = (
				A07A62341450D32900DDCD38 /* UIKit.framework */,
				A07A62361450D32900DDCD38 /* Foundation.framework */,
				A07A62381450D32900DDCD38 /* CoreGraphics.framework */,
			);
			name = Frameworks;
			sourceTree = "<group>";
		};
		A07A623A1450D32900DDCD38 /* SlidingKeyboard */ = {
			isa = PBXGroup;
			children = (
				A07A62431450D32900DDCD38 /* SKAppDelegate.h */,
				A07A62441450D32900DDCD38 /* SKAppDelegate.m */,
				A07A624B1450D3E800DDCD38 /* SKRootViewController.h */,
				A07A624C1450D3E800DDCD38 /* SKRootViewController.m */,
				A07A623B1450D32900DDCD38 /* Supporting Files */,
			);
			name = SlidingKeyboard;
			path = SlidingKB;
			sourceTree = "<group>";
		};
		A07A623B1450D32900DDCD38 /* Supporting Files */ = {
			isa = PBXGroup;
			children = (
				A09D4E791475C4E000A2377D /* icons */,
				A07A623C1450D32900DDCD38 /* SlidingKB-Info.plist */,
				A07A623D1450D32900DDCD38 /* InfoPlist.strings */,
				A07A62401450D32900DDCD38 /* main.m */,
				A07A62421450D32900DDCD38 /* SlidingKB-Prefix.pch */,
			);
			name = "Supporting Files";
			sourceTree = "<group>";
		};
		A09D4E791475C4E000A2377D /* icons */ = {
			isa = PBXGroup;
			children = (
				A09D4E7A1475C4E000A2377D /* BindleKit100.png */,
				A09D4E7B1475C4E000A2377D /* BindleKit114.png */,
				A09D4E7C1475C4E000A2377D /* BindleKit57.png */,
				A09D4E7D1475C4E000A2377D /* BindleKit72.png */,
			);
			name = icons;
			path = ../icons;
			sourceTree = SOURCE_ROOT;
		};
/* End PBXGroup section */

/* Begin PBXNativeTarget section */
		A07A622F1450D32900DDCD38 /* SlidingKB */ = {
			isa = PBXNativeTarget;
			buildConfigurationList = A07A62481450D32900DDCD38 /* Build configuration list for PBXNativeTarget "SlidingKB" */;
			buildPhases = (
				A07A622C1450D32900DDCD38 /* Sources */,
				A07A622D1450D32900DDCD38 /* Frameworks */,
				A07A622E1450D32900DDCD38 /* Resources */,
			);
			buildRules = (
			);
			dependencies = (
			);
			name = SlidingKB;
			productName = SlidingKeyboard;
			productReference = A07A62301450D32900DDCD38 /* SlidingKB.app */;
			productType = "com.apple.product-type.application";
		};
/* End PBXNativeTarget section */

/* Begin PBXProject section */
		A07A62271450D32800DDCD38 /* Project object */ = {
			isa = PBXProject;
			attributes = {
				LastUpgradeCheck = 0420;
			};
			buildConfigurationList = A07A622A1450D32800DDCD38 /* Build configuration list for PBXProject "SlidingKB" */;
			compatibilityVersion = "Xcode 3.2";
			developmentRegion = English;
			hasScannedForEncodings = 0;
			knownRegions = (
				en,
			);
			mainGroup = A07A62251450D32800DDCD38;
			productRefGroup = A07A62311450D32900DDCD38 /* Products */;
			projectDirPath = "";
			projectRoot = "";
			targets = (
				A07A622F1450D32900DDCD38 /* SlidingKB */,
			);
		};
/* End PBXProject section */

/* Begin PBXResourcesBuildPhase section */
		A07A622E1450D32900DDCD38 /* Resources */ = {
			isa = PBXResourcesBuildPhase;
			buildActionMask = 2147483647;
			files = (
				A07A623F1450D32900DDCD38 /* InfoPlist.strings in Resources */,
				A04C7E1A14819BCC00B2FFFE /* BindleKit57.png in Resources */,
				A04C7E1B14819BCF00B2FFFE /* BindleKit114.png in Resources */,
				A0C3247C1481A07800CB93DC /* BindleKit72.png in Resources */,
			);
			runOnlyForDeploymentPostprocessing = 0;
		};
/* End PBXResourcesBuildPhase section */

/* Begin PBXSourcesBuildPhase section */
		A07A622C1450D32900DDCD38 /* Sources */ = {
			isa = PBXSourcesBuildPhase;
			buildActionMask = 2147483647;
			files = (
				A07A62411450D32900DDCD38 /* main.m in Sources */,
				A07A62451450D32900DDCD38 /* SKAppDelegate.m in Sources */,
				A07A624D1450D3E800DDCD38 /* SKRootViewController.m in Sources */,
			);
			runOnlyForDeploymentPostprocessing = 0;
		};
/* End PBXSourcesBuildPhase section */

/* Begin PBXVariantGroup section */
		A07A623D1450D32900DDCD38 /* InfoPlist.strings */ = {
			isa = PBXVariantGroup;
			children = (
				A07A623E1450D32900DDCD38 /* en */,
			);
			name = InfoPlist.strings;
			sourceTree = "<group>";
		};
/* End PBXVariantGroup section */

/* Begin XCBuildConfiguration section */
		A07A62461450D32900DDCD38 /* Debug */ = {
			isa = XCBuildConfiguration;
			buildSettings = {
				ALWAYS_SEARCH_USER_PATHS = NO;
				ARCHS = (
					armv6,
					armv7,
				);
				"CODE_SIGN_IDENTITY[sdk=iphoneos*]" = "iPhone Developer";
				COPY_PHASE_STRIP = NO;
				GCC_C_LANGUAGE_STANDARD = gnu99;
				GCC_DYNAMIC_NO_PIC = NO;
				GCC_OPTIMIZATION_LEVEL = 0;
				GCC_PREPROCESSOR_DEFINITIONS = (
					"DEBUG=1",
					"$(inherited)",
				);
				GCC_SYMBOLS_PRIVATE_EXTERN = NO;
				GCC_VERSION = com.apple.compilers.llvm.clang.1_0;
				GCC_WARN_ABOUT_MISSING_PROTOTYPES = YES;
				GCC_WARN_ABOUT_RETURN_TYPE = YES;
				GCC_WARN_UNUSED_VARIABLE = YES;
				IPHONEOS_DEPLOYMENT_TARGET = 5.0;
				SDKROOT = iphoneos;
				TARGETED_DEVICE_FAMILY = "1,2";
			};
			name = Debug;
		};
		A07A62471450D32900DDCD38 /* Release */ = {
			isa = XCBuildConfiguration;
			buildSettings = {
				ALWAYS_SEARCH_USER_PATHS = NO;
				ARCHS = (
					armv6,
					armv7,
				);
				"CODE_SIGN_IDENTITY[sdk=iphoneos*]" = "iPhone Developer";
				COPY_PHASE_STRIP = YES;
				GCC_C_LANGUAGE_STANDARD = gnu99;
				GCC_VERSION = com.apple.compilers.llvm.clang.1_0;
				GCC_WARN_ABOUT_MISSING_PROTOTYPES = YES;
				GCC_WARN_ABOUT_RETURN_TYPE = YES;
				GCC_WARN_UNUSED_VARIABLE = YES;
				IPHONEOS_DEPLOYMENT_TARGET = 5.0;
				OTHER_CFLAGS = "-DNS_BLOCK_ASSERTIONS=1";
				SDKROOT = iphoneos;
				TARGETED_DEVICE_FAMILY = "1,2";
				VALIDATE_PRODUCT = YES;
			};
			name = Release;
		};
		A07A62491450D32900DDCD38 /* Debug */ = {
			isa = XCBuildConfiguration;
			buildSettings = {
				GCC_PRECOMPILE_PREFIX_HEADER = YES;
				GCC_PREFIX_HEADER = "SlidingKB/SlidingKB-Prefix.pch";
				INFOPLIST_FILE = "SlidingKB/SlidingKB-Info.plist";
				IPHONEOS_DEPLOYMENT_TARGET = 3.1;
				PRODUCT_NAME = "$(TARGET_NAME)";
				WRAPPER_EXTENSION = app;
			};
			name = Debug;
		};
		A07A624A1450D32900DDCD38 /* Release */ = {
			isa = XCBuildConfiguration;
			buildSettings = {
				GCC_PRECOMPILE_PREFIX_HEADER = YES;
				GCC_PREFIX_HEADER = "SlidingKB/SlidingKB-Prefix.pch";
				INFOPLIST_FILE = "SlidingKB/SlidingKB-Info.plist";
				IPHONEOS_DEPLOYMENT_TARGET = 3.1;
				PRODUCT_NAME = "$(TARGET_NAME)";
				WRAPPER_EXTENSION = app;
			};
			name = Release;
		};
/* End XCBuildConfiguration section */

/* Begin XCConfigurationList section */
		A07A622A1450D32800DDCD38 /* Build configuration list for PBXProject "SlidingKB" */ = {
			isa = XCConfigurationList;
			buildConfigurations = (
				A07A62461450D32900DDCD38 /* Debug */,
				A07A62471450D32900DDCD38 /* Release */,
			);
			defaultConfigurationIsVisible = 0;
			defaultConfigurationName = Release;
		};
		A07A62481450D32900DDCD38 /* Build configuration list for PBXNativeTarget "SlidingKB" */ = {
			isa = XCConfigurationList;
			buildConfigurations = (
				A07A62491450D32900DDCD38 /* Debug */,
				A07A624A1450D32900DDCD38 /* Release */,
			);
			defaultConfigurationIsVisible = 0;
			defaultConfigurationName = Release;
		};
/* End XCConfigurationList section */
	};
	rootObject = A07A62271450D32800DDCD38 /* Project object */;
}
