// !$*UTF8*$!
{
	archiveVersion = 1;
	classes = {
	};
	objectVersion = 46;
	objects = {

/* Begin PBXAggregateTarget section */
		A019D34515E990650012308A /* BindleKit: Git Submodules */ = {
			isa = PBXAggregateTarget;
			buildConfigurationList = A019D34615E990650012308A /* Build configuration list for PBXAggregateTarget "BindleKit: Git Submodules" */;
			buildPhases = (
				A019D34B15E9907B0012308A /* ShellScript */,
			);
			dependencies = (
			);
			name = "BindleKit: Git Submodules";
			productName = "BindleKit: Git Submodules";
		};
		A0FCC95614E248A2001A0644 /* BindleKit: Git Version */ = {
			isa = PBXAggregateTarget;
			buildConfigurationList = A0FCC95714E248A2001A0644 /* Build configuration list for PBXAggregateTarget "BindleKit: Git Version" */;
			buildPhases = (
				A0FCC95A14E248AA001A0644 /* ShellScript */,
			);
			dependencies = (
				A019D34A15E9906D0012308A /* PBXTargetDependency */,
			);
			name = "BindleKit: Git Version";
			productName = "Git Package Version";
		};
/* End PBXAggregateTarget section */

/* Begin PBXBuildFile section */
		A014851D143D4F3200A24446 /* BKNetworkReachability.h in Headers */ = {isa = PBXBuildFile; fileRef = A014851B143D4F3200A24446 /* BKNetworkReachability.h */; };
		A014851E143D4F3200A24446 /* BKNetworkReachability.h in Headers */ = {isa = PBXBuildFile; fileRef = A014851B143D4F3200A24446 /* BKNetworkReachability.h */; };
		A014851F143D4F3200A24446 /* BKNetworkReachability.m in Sources */ = {isa = PBXBuildFile; fileRef = A014851C143D4F3200A24446 /* BKNetworkReachability.m */; };
		A0148520143D4F3200A24446 /* BKNetworkReachability.m in Sources */ = {isa = PBXBuildFile; fileRef = A014851C143D4F3200A24446 /* BKNetworkReachability.m */; };
		A024C24D15A3B52500D8E38A /* BKNetworkReachabilityResolver.h in Headers */ = {isa = PBXBuildFile; fileRef = A024C24B15A3B52500D8E38A /* BKNetworkReachabilityResolver.h */; };
		A024C24E15A3B52500D8E38A /* BKNetworkReachabilityResolver.h in Headers */ = {isa = PBXBuildFile; fileRef = A024C24B15A3B52500D8E38A /* BKNetworkReachabilityResolver.h */; };
		A024C24F15A3B52500D8E38A /* BKNetworkReachabilityResolver.m in Sources */ = {isa = PBXBuildFile; fileRef = A024C24C15A3B52500D8E38A /* BKNetworkReachabilityResolver.m */; };
		A024C25015A3B52500D8E38A /* BKNetworkReachabilityResolver.m in Sources */ = {isa = PBXBuildFile; fileRef = A024C24C15A3B52500D8E38A /* BKNetworkReachabilityResolver.m */; };
		A028021D14F0CAD100095E98 /* BKActivityDisplayController.h in Headers */ = {isa = PBXBuildFile; fileRef = A028021B14F0CAD100095E98 /* BKActivityDisplayController.h */; };
		A028021E14F0CAD100095E98 /* BKActivityDisplayController.m in Sources */ = {isa = PBXBuildFile; fileRef = A028021C14F0CAD100095E98 /* BKActivityDisplayController.m */; };
		A03F4B2514E5D60C0077F16D /* BKHash.h in Headers */ = {isa = PBXBuildFile; fileRef = A03F4B2314E5D60C0077F16D /* BKHash.h */; };
		A03F4B2614E5D60C0077F16D /* BKHash.h in Headers */ = {isa = PBXBuildFile; fileRef = A03F4B2314E5D60C0077F16D /* BKHash.h */; };
		A03F4B2714E5D60C0077F16D /* BKHash.m in Sources */ = {isa = PBXBuildFile; fileRef = A03F4B2414E5D60C0077F16D /* BKHash.m */; };
		A03F4B2814E5D60C0077F16D /* BKHash.m in Sources */ = {isa = PBXBuildFile; fileRef = A03F4B2414E5D60C0077F16D /* BKHash.m */; };
		A0410F98142801E300ACE897 /* BKButtonImages.h in Headers */ = {isa = PBXBuildFile; fileRef = A0410F96142801E300ACE897 /* BKButtonImages.h */; };
		A0410F99142801E300ACE897 /* BKButtonImages.h in Headers */ = {isa = PBXBuildFile; fileRef = A0410F96142801E300ACE897 /* BKButtonImages.h */; };
		A0410F9A142801E300ACE897 /* BKButtonImages.m in Sources */ = {isa = PBXBuildFile; fileRef = A0410F97142801E300ACE897 /* BKButtonImages.m */; };
		A0410F9B142801E300ACE897 /* BKButtonImages.m in Sources */ = {isa = PBXBuildFile; fileRef = A0410F97142801E300ACE897 /* BKButtonImages.m */; };
		A0410FBF14283FF800ACE897 /* BKButton.h in Headers */ = {isa = PBXBuildFile; fileRef = A0410FBD14283FF800ACE897 /* BKButton.h */; };
		A0410FC014283FF800ACE897 /* BKButton.m in Sources */ = {isa = PBXBuildFile; fileRef = A0410FBE14283FF800ACE897 /* BKButton.m */; };
		A0529AC9140DDCB500CFA6F8 /* BKMemoryCache.h in Headers */ = {isa = PBXBuildFile; fileRef = A0529AC7140DDCB500CFA6F8 /* BKMemoryCache.h */; };
		A0529ACA140DDCB500CFA6F8 /* BKMemoryCache.m in Sources */ = {isa = PBXBuildFile; fileRef = A0529AC8140DDCB500CFA6F8 /* BKMemoryCache.m */; };
		A0617454142028BA00BCEA6F /* BKSplitViewController.h in Headers */ = {isa = PBXBuildFile; fileRef = A0617452142028BA00BCEA6F /* BKSplitViewController.h */; };
		A0617455142028BA00BCEA6F /* BKSplitViewController.m in Sources */ = {isa = PBXBuildFile; fileRef = A0617453142028BA00BCEA6F /* BKSplitViewController.m */; };
		A064D96C140E047C00255FD3 /* BKSelectionOption.h in Headers */ = {isa = PBXBuildFile; fileRef = A064D96A140E047C00255FD3 /* BKSelectionOption.h */; };
		A064D96D140E047C00255FD3 /* BKSelectionOption.m in Sources */ = {isa = PBXBuildFile; fileRef = A064D96B140E047C00255FD3 /* BKSelectionOption.m */; };
		A064D973140E053200255FD3 /* BKSelectionController.h in Headers */ = {isa = PBXBuildFile; fileRef = A064D971140E053200255FD3 /* BKSelectionController.h */; };
		A064D974140E053200255FD3 /* BKSelectionController.m in Sources */ = {isa = PBXBuildFile; fileRef = A064D972140E053200255FD3 /* BKSelectionController.m */; };
		A073B463157F178C00F30BAB /* BKPosixRegmatch.h in Headers */ = {isa = PBXBuildFile; fileRef = A073B461157F178C00F30BAB /* BKPosixRegmatch.h */; };
		A073B464157F178C00F30BAB /* BKPosixRegmatch.h in Headers */ = {isa = PBXBuildFile; fileRef = A073B461157F178C00F30BAB /* BKPosixRegmatch.h */; };
		A073B465157F178C00F30BAB /* BKPosixRegmatch.m in Sources */ = {isa = PBXBuildFile; fileRef = A073B462157F178C00F30BAB /* BKPosixRegmatch.m */; };
		A073B466157F178C00F30BAB /* BKPosixRegmatch.m in Sources */ = {isa = PBXBuildFile; fileRef = A073B462157F178C00F30BAB /* BKPosixRegmatch.m */; };
		A07D34F8140DC1E800832E1F /* Foundation.framework in Frameworks */ = {isa = PBXBuildFile; fileRef = A07D34F7140DC1E800832E1F /* Foundation.framework */; };
		A0808A96175FC3AA0074058B /* BKUUID.h in Headers */ = {isa = PBXBuildFile; fileRef = A0808A94175FC3AA0074058B /* BKUUID.h */; };
		A0808A97175FC3AA0074058B /* BKUUID.h in Headers */ = {isa = PBXBuildFile; fileRef = A0808A94175FC3AA0074058B /* BKUUID.h */; };
		A0808A98175FC3AA0074058B /* BKUUID.m in Sources */ = {isa = PBXBuildFile; fileRef = A0808A95175FC3AA0074058B /* BKUUID.m */; };
		A0808A99175FC3AA0074058B /* BKUUID.m in Sources */ = {isa = PBXBuildFile; fileRef = A0808A95175FC3AA0074058B /* BKUUID.m */; };
		A092A666141706B40033C972 /* BKNode.h in Headers */ = {isa = PBXBuildFile; fileRef = A092A664141706B40033C972 /* BKNode.h */; };
		A092A667141706B40033C972 /* BKNode.h in Headers */ = {isa = PBXBuildFile; fileRef = A092A664141706B40033C972 /* BKNode.h */; };
		A092A668141706B40033C972 /* BKNode.m in Sources */ = {isa = PBXBuildFile; fileRef = A092A665141706B40033C972 /* BKNode.m */; };
		A092A669141706B40033C972 /* BKNode.m in Sources */ = {isa = PBXBuildFile; fileRef = A092A665141706B40033C972 /* BKNode.m */; };
		A09BD78D17541795007D4B38 /* BKLogger.h in Headers */ = {isa = PBXBuildFile; fileRef = A09BD78B17541795007D4B38 /* BKLogger.h */; };
		A09BD78E17541795007D4B38 /* BKLogger.h in Headers */ = {isa = PBXBuildFile; fileRef = A09BD78B17541795007D4B38 /* BKLogger.h */; };
		A09BD78F17541795007D4B38 /* BKLogger.m in Sources */ = {isa = PBXBuildFile; fileRef = A09BD78C17541795007D4B38 /* BKLogger.m */; };
		A09BD79017541795007D4B38 /* BKLogger.m in Sources */ = {isa = PBXBuildFile; fileRef = A09BD78C17541795007D4B38 /* BKLogger.m */; };
		A09BD7981754B5D1007D4B38 /* BKLoggerController.h in Headers */ = {isa = PBXBuildFile; fileRef = A09BD7961754B5D1007D4B38 /* BKLoggerController.h */; };
		A09BD7991754B5D1007D4B38 /* BKLoggerController.m in Sources */ = {isa = PBXBuildFile; fileRef = A09BD7971754B5D1007D4B38 /* BKLoggerController.m */; };
		A0A7D51414B5B140007B2D14 /* BKDevice.h in Headers */ = {isa = PBXBuildFile; fileRef = A0A7D51214B5B140007B2D14 /* BKDevice.h */; };
		A0A7D51514B5B140007B2D14 /* BKDevice.m in Sources */ = {isa = PBXBuildFile; fileRef = A0A7D51314B5B140007B2D14 /* BKDevice.m */; };
		A0BF01B3157ACD7400CF7690 /* BKPosixRegex.h in Headers */ = {isa = PBXBuildFile; fileRef = A0BF01B1157ACD7400CF7690 /* BKPosixRegex.h */; };
		A0BF01B4157ACD7400CF7690 /* BKPosixRegex.h in Headers */ = {isa = PBXBuildFile; fileRef = A0BF01B1157ACD7400CF7690 /* BKPosixRegex.h */; };
		A0BF01B5157ACD7400CF7690 /* BKPosixRegex.m in Sources */ = {isa = PBXBuildFile; fileRef = A0BF01B2157ACD7400CF7690 /* BKPosixRegex.m */; };
		A0BF01B6157ACD7400CF7690 /* BKPosixRegex.m in Sources */ = {isa = PBXBuildFile; fileRef = A0BF01B2157ACD7400CF7690 /* BKPosixRegex.m */; };
		A0C431C1150B8A6B000047D0 /* BKListController.h in Headers */ = {isa = PBXBuildFile; fileRef = A0C431BF150B8A6B000047D0 /* BKListController.h */; };
		A0C431C2150B8A6B000047D0 /* BKListController.m in Sources */ = {isa = PBXBuildFile; fileRef = A0C431C0150B8A6B000047D0 /* BKListController.m */; };
		A0C70C9C144526100093D650 /* BKPromptView.h in Headers */ = {isa = PBXBuildFile; fileRef = A0C70C9A144526100093D650 /* BKPromptView.h */; };
		A0C70C9D144526100093D650 /* BKPromptView.m in Sources */ = {isa = PBXBuildFile; fileRef = A0C70C9B144526100093D650 /* BKPromptView.m */; };
		A0D32C9314186F0200641ABD /* BKStack.h in Headers */ = {isa = PBXBuildFile; fileRef = A0D32C9114186F0200641ABD /* BKStack.h */; };
		A0D32C9414186F0200641ABD /* BKStack.h in Headers */ = {isa = PBXBuildFile; fileRef = A0D32C9114186F0200641ABD /* BKStack.h */; };
		A0D32C9514186F0200641ABD /* BKStack.m in Sources */ = {isa = PBXBuildFile; fileRef = A0D32C9214186F0200641ABD /* BKStack.m */; };
		A0D32C9614186F0200641ABD /* BKStack.m in Sources */ = {isa = PBXBuildFile; fileRef = A0D32C9214186F0200641ABD /* BKStack.m */; };
		A0D32C9A14186F2800641ABD /* BKQueue.h in Headers */ = {isa = PBXBuildFile; fileRef = A0D32C9814186F2800641ABD /* BKQueue.h */; };
		A0D32C9B14186F2800641ABD /* BKQueue.h in Headers */ = {isa = PBXBuildFile; fileRef = A0D32C9814186F2800641ABD /* BKQueue.h */; };
		A0D32C9C14186F2800641ABD /* BKQueue.m in Sources */ = {isa = PBXBuildFile; fileRef = A0D32C9914186F2800641ABD /* BKQueue.m */; };
		A0D32C9D14186F2800641ABD /* BKQueue.m in Sources */ = {isa = PBXBuildFile; fileRef = A0D32C9914186F2800641ABD /* BKQueue.m */; };
		A0E24F0E14E3DF410040D81D /* BKTableTags.h in Headers */ = {isa = PBXBuildFile; fileRef = A0E24F0C14E3DF410040D81D /* BKTableTags.h */; };
		A0E24F0F14E3DF410040D81D /* BKTableTags.h in Headers */ = {isa = PBXBuildFile; fileRef = A0E24F0C14E3DF410040D81D /* BKTableTags.h */; };
		A0E24F1014E3DF410040D81D /* BKTableTags.m in Sources */ = {isa = PBXBuildFile; fileRef = A0E24F0D14E3DF410040D81D /* BKTableTags.m */; };
		A0E24F1114E3DF410040D81D /* BKTableTags.m in Sources */ = {isa = PBXBuildFile; fileRef = A0E24F0D14E3DF410040D81D /* BKTableTags.m */; };
		A0F713641413526900252B5F /* BKMemoryCache.m in Sources */ = {isa = PBXBuildFile; fileRef = A0529AC8140DDCB500CFA6F8 /* BKMemoryCache.m */; };
		A0F713651413526C00252B5F /* BKSelectionOption.m in Sources */ = {isa = PBXBuildFile; fileRef = A064D96B140E047C00255FD3 /* BKSelectionOption.m */; };
		A0F713671413529D00252B5F /* Foundation.framework in Frameworks */ = {isa = PBXBuildFile; fileRef = A0F713661413529D00252B5F /* Foundation.framework */; };
		A0FCC8FA14E22CD5001A0644 /* BKVersion.h in Headers */ = {isa = PBXBuildFile; fileRef = A0FCC8F814E22CD5001A0644 /* BKVersion.h */; };
		A0FCC8FB14E22CD5001A0644 /* BKVersion.h in Headers */ = {isa = PBXBuildFile; fileRef = A0FCC8F814E22CD5001A0644 /* BKVersion.h */; };
		A0FCC8FC14E22CD5001A0644 /* BKVersion.m in Sources */ = {isa = PBXBuildFile; fileRef = A0FCC8F914E22CD5001A0644 /* BKVersion.m */; };
		A0FCC8FD14E22CD5001A0644 /* BKVersion.m in Sources */ = {isa = PBXBuildFile; fileRef = A0FCC8F914E22CD5001A0644 /* BKVersion.m */; };
		A0FCC90714E23321001A0644 /* BKPackage.h in Headers */ = {isa = PBXBuildFile; fileRef = A0FCC90514E23320001A0644 /* BKPackage.h */; };
		A0FCC90814E23321001A0644 /* BKPackage.h in Headers */ = {isa = PBXBuildFile; fileRef = A0FCC90514E23320001A0644 /* BKPackage.h */; };
		A0FCC90914E23321001A0644 /* BKPackage.m in Sources */ = {isa = PBXBuildFile; fileRef = A0FCC90614E23320001A0644 /* BKPackage.m */; };
		A0FCC90A14E23321001A0644 /* BKPackage.m in Sources */ = {isa = PBXBuildFile; fileRef = A0FCC90614E23320001A0644 /* BKPackage.m */; };
		A0FCC9C214E2913F001A0644 /* BKPackageController.h in Headers */ = {isa = PBXBuildFile; fileRef = A0FCC9C014E2913F001A0644 /* BKPackageController.h */; };
		A0FCC9C314E2913F001A0644 /* BKPackageController.m in Sources */ = {isa = PBXBuildFile; fileRef = A0FCC9C114E2913F001A0644 /* BKPackageController.m */; };
/* End PBXBuildFile section */

/* Begin PBXContainerItemProxy section */
		A019D34915E9906D0012308A /* PBXContainerItemProxy */ = {
			isa = PBXContainerItemProxy;
			containerPortal = A07D34EB140DC1E800832E1F /* Project object */;
			proxyType = 1;
			remoteGlobalIDString = A019D34515E990650012308A;
			remoteInfo = "BindleKit: Git Submodules";
		};
		A0FCC95B14E248E8001A0644 /* PBXContainerItemProxy */ = {
			isa = PBXContainerItemProxy;
			containerPortal = A07D34EB140DC1E800832E1F /* Project object */;
			proxyType = 1;
			remoteGlobalIDString = A0FCC95614E248A2001A0644;
			remoteInfo = "Git Package Version";
		};
		A0FCC95D14E248ED001A0644 /* PBXContainerItemProxy */ = {
			isa = PBXContainerItemProxy;
			containerPortal = A07D34EB140DC1E800832E1F /* Project object */;
			proxyType = 1;
			remoteGlobalIDString = A0FCC95614E248A2001A0644;
			remoteInfo = "Git Package Version";
		};
/* End PBXContainerItemProxy section */

/* Begin PBXFileReference section */
		A014851B143D4F3200A24446 /* BKNetworkReachability.h */ = {isa = PBXFileReference; fileEncoding = 4; lastKnownFileType = sourcecode.c.h; path = BKNetworkReachability.h; sourceTree = "<group>"; };
		A014851C143D4F3200A24446 /* BKNetworkReachability.m */ = {isa = PBXFileReference; fileEncoding = 4; lastKnownFileType = sourcecode.c.objc; path = BKNetworkReachability.m; sourceTree = "<group>"; };
		A019D35015E991E70012308A /* bindletools.xcodeproj */ = {isa = PBXFileReference; lastKnownFileType = "wrapper.pb-project"; name = bindletools.xcodeproj; path = bindletools/bindletools.xcodeproj; sourceTree = "<group>"; };
		A024C24B15A3B52500D8E38A /* BKNetworkReachabilityResolver.h */ = {isa = PBXFileReference; fileEncoding = 4; lastKnownFileType = sourcecode.c.h; path = BKNetworkReachabilityResolver.h; sourceTree = "<group>"; };
		A024C24C15A3B52500D8E38A /* BKNetworkReachabilityResolver.m */ = {isa = PBXFileReference; fileEncoding = 4; lastKnownFileType = sourcecode.c.objc; path = BKNetworkReachabilityResolver.m; sourceTree = "<group>"; };
		A028021B14F0CAD100095E98 /* BKActivityDisplayController.h */ = {isa = PBXFileReference; fileEncoding = 4; lastKnownFileType = sourcecode.c.h; path = BKActivityDisplayController.h; sourceTree = "<group>"; };
		A028021C14F0CAD100095E98 /* BKActivityDisplayController.m */ = {isa = PBXFileReference; fileEncoding = 4; lastKnownFileType = sourcecode.c.objc; path = BKActivityDisplayController.m; sourceTree = "<group>"; };
		A03F4B2314E5D60C0077F16D /* BKHash.h */ = {isa = PBXFileReference; fileEncoding = 4; lastKnownFileType = sourcecode.c.h; path = BKHash.h; sourceTree = "<group>"; };
		A03F4B2414E5D60C0077F16D /* BKHash.m */ = {isa = PBXFileReference; fileEncoding = 4; lastKnownFileType = sourcecode.c.objc; path = BKHash.m; sourceTree = "<group>"; };
		A0410F96142801E300ACE897 /* BKButtonImages.h */ = {isa = PBXFileReference; fileEncoding = 4; lastKnownFileType = sourcecode.c.h; path = BKButtonImages.h; sourceTree = "<group>"; };
		A0410F97142801E300ACE897 /* BKButtonImages.m */ = {isa = PBXFileReference; fileEncoding = 4; lastKnownFileType = sourcecode.c.objc; path = BKButtonImages.m; sourceTree = "<group>"; };
		A0410FBD14283FF800ACE897 /* BKButton.h */ = {isa = PBXFileReference; fileEncoding = 4; lastKnownFileType = sourcecode.c.h; path = BKButton.h; sourceTree = "<group>"; };
		A0410FBE14283FF800ACE897 /* BKButton.m */ = {isa = PBXFileReference; fileEncoding = 4; lastKnownFileType = sourcecode.c.objc; path = BKButton.m; sourceTree = "<group>"; };
		A0529ABB140DC95A00CFA6F8 /* COPYING */ = {isa = PBXFileReference; lastKnownFileType = text; path = COPYING; sourceTree = "<group>"; };
		A0529ABC140DC95A00CFA6F8 /* README */ = {isa = PBXFileReference; lastKnownFileType = text; path = README; sourceTree = "<group>"; };
		A0529AC7140DDCB500CFA6F8 /* BKMemoryCache.h */ = {isa = PBXFileReference; fileEncoding = 4; lastKnownFileType = sourcecode.c.h; path = BKMemoryCache.h; sourceTree = "<group>"; };
		A0529AC8140DDCB500CFA6F8 /* BKMemoryCache.m */ = {isa = PBXFileReference; fileEncoding = 4; lastKnownFileType = sourcecode.c.objc; path = BKMemoryCache.m; sourceTree = "<group>"; };
		A0529AF1140DE01B00CFA6F8 /* Cocoa.framework */ = {isa = PBXFileReference; lastKnownFileType = wrapper.framework; name = Cocoa.framework; path = Library/Frameworks/Cocoa.framework; sourceTree = DEVELOPER_DIR; };
		A0529AF4140DE01B00CFA6F8 /* AppKit.framework */ = {isa = PBXFileReference; lastKnownFileType = wrapper.framework; name = AppKit.framework; path = Library/Frameworks/AppKit.framework; sourceTree = SDKROOT; };
		A0529AF5140DE01B00CFA6F8 /* CoreData.framework */ = {isa = PBXFileReference; lastKnownFileType = wrapper.framework; name = CoreData.framework; path = Library/Frameworks/CoreData.framework; sourceTree = SDKROOT; };
		A0529AF6140DE01B00CFA6F8 /* Foundation.framework */ = {isa = PBXFileReference; lastKnownFileType = wrapper.framework; name = Foundation.framework; path = Library/Frameworks/Foundation.framework; sourceTree = SDKROOT; };
		A052A8B11512CC7F00599FD6 /* ChangeLog */ = {isa = PBXFileReference; lastKnownFileType = text; path = ChangeLog; sourceTree = "<group>"; usesTabs = 0; };
		A0617452142028BA00BCEA6F /* BKSplitViewController.h */ = {isa = PBXFileReference; fileEncoding = 4; lastKnownFileType = sourcecode.c.h; path = BKSplitViewController.h; sourceTree = "<group>"; };
		A0617453142028BA00BCEA6F /* BKSplitViewController.m */ = {isa = PBXFileReference; fileEncoding = 4; lastKnownFileType = sourcecode.c.objc; path = BKSplitViewController.m; sourceTree = "<group>"; };
		A064D96A140E047C00255FD3 /* BKSelectionOption.h */ = {isa = PBXFileReference; fileEncoding = 4; lastKnownFileType = sourcecode.c.h; path = BKSelectionOption.h; sourceTree = "<group>"; };
		A064D96B140E047C00255FD3 /* BKSelectionOption.m */ = {isa = PBXFileReference; fileEncoding = 4; lastKnownFileType = sourcecode.c.objc; path = BKSelectionOption.m; sourceTree = "<group>"; };
		A064D971140E053200255FD3 /* BKSelectionController.h */ = {isa = PBXFileReference; fileEncoding = 4; lastKnownFileType = sourcecode.c.h; path = BKSelectionController.h; sourceTree = "<group>"; };
		A064D972140E053200255FD3 /* BKSelectionController.m */ = {isa = PBXFileReference; fileEncoding = 4; lastKnownFileType = sourcecode.c.objc; path = BKSelectionController.m; sourceTree = "<group>"; };
		A070F761159F97BD00D0C083 /* Makefile */ = {isa = PBXFileReference; explicitFileType = sourcecode.make; indentWidth = 8; path = Makefile; sourceTree = "<group>"; tabWidth = 8; usesTabs = 1; };
		A070F764159F9B7D00D0C083 /* appledoc.txt */ = {isa = PBXFileReference; lastKnownFileType = text; path = appledoc.txt; sourceTree = "<group>"; };
		A073B461157F178C00F30BAB /* BKPosixRegmatch.h */ = {isa = PBXFileReference; fileEncoding = 4; lastKnownFileType = sourcecode.c.h; path = BKPosixRegmatch.h; sourceTree = "<group>"; };
		A073B462157F178C00F30BAB /* BKPosixRegmatch.m */ = {isa = PBXFileReference; fileEncoding = 4; lastKnownFileType = sourcecode.c.objc; path = BKPosixRegmatch.m; sourceTree = "<group>"; };
		A07A7F261416D18000AB872D /* TODO */ = {isa = PBXFileReference; lastKnownFileType = text; path = TODO; sourceTree = "<group>"; };
		A07D34F4140DC1E800832E1F /* libBindleKit.a */ = {isa = PBXFileReference; explicitFileType = archive.ar; includeInIndex = 0; path = libBindleKit.a; sourceTree = BUILT_PRODUCTS_DIR; };
		A07D34F7140DC1E800832E1F /* Foundation.framework */ = {isa = PBXFileReference; lastKnownFileType = wrapper.framework; name = Foundation.framework; path = System/Library/Frameworks/Foundation.framework; sourceTree = SDKROOT; };
		A07D34FB140DC1E800832E1F /* BindleKit-Prefix.pch */ = {isa = PBXFileReference; fileEncoding = 4; lastKnownFileType = sourcecode.c.h; path = "BindleKit-Prefix.pch"; sourceTree = "<group>"; };
		A07D34FC140DC1E800832E1F /* BindleKit.h */ = {isa = PBXFileReference; lastKnownFileType = sourcecode.c.h; path = BindleKit.h; sourceTree = "<group>"; };
		A07D3505140DC1E800832E1F /* SenTestingKit.framework */ = {isa = PBXFileReference; lastKnownFileType = wrapper.framework; name = SenTestingKit.framework; path = Library/Frameworks/SenTestingKit.framework; sourceTree = DEVELOPER_DIR; };
		A07D3507140DC1E900832E1F /* UIKit.framework */ = {isa = PBXFileReference; lastKnownFileType = wrapper.framework; name = UIKit.framework; path = Library/Frameworks/UIKit.framework; sourceTree = DEVELOPER_DIR; };
		A07D350A140DC1E900832E1F /* CoreGraphics.framework */ = {isa = PBXFileReference; lastKnownFileType = wrapper.framework; name = CoreGraphics.framework; path = Library/Frameworks/CoreGraphics.framework; sourceTree = DEVELOPER_DIR; };
		A0808A94175FC3AA0074058B /* BKUUID.h */ = {isa = PBXFileReference; fileEncoding = 4; lastKnownFileType = sourcecode.c.h; path = BKUUID.h; sourceTree = "<group>"; };
		A0808A95175FC3AA0074058B /* BKUUID.m */ = {isa = PBXFileReference; fileEncoding = 4; lastKnownFileType = sourcecode.c.objc; path = BKUUID.m; sourceTree = "<group>"; };
		A092A664141706B40033C972 /* BKNode.h */ = {isa = PBXFileReference; fileEncoding = 4; lastKnownFileType = sourcecode.c.h; path = BKNode.h; sourceTree = "<group>"; };
		A092A665141706B40033C972 /* BKNode.m */ = {isa = PBXFileReference; fileEncoding = 4; lastKnownFileType = sourcecode.c.objc; path = BKNode.m; sourceTree = "<group>"; };
		A09BD78B17541795007D4B38 /* BKLogger.h */ = {isa = PBXFileReference; fileEncoding = 4; lastKnownFileType = sourcecode.c.h; path = BKLogger.h; sourceTree = "<group>"; };
		A09BD78C17541795007D4B38 /* BKLogger.m */ = {isa = PBXFileReference; fileEncoding = 4; lastKnownFileType = sourcecode.c.objc; path = BKLogger.m; sourceTree = "<group>"; };
		A09BD7961754B5D1007D4B38 /* BKLoggerController.h */ = {isa = PBXFileReference; fileEncoding = 4; lastKnownFileType = sourcecode.c.h; path = BKLoggerController.h; sourceTree = "<group>"; };
		A09BD7971754B5D1007D4B38 /* BKLoggerController.m */ = {isa = PBXFileReference; fileEncoding = 4; lastKnownFileType = sourcecode.c.objc; path = BKLoggerController.m; sourceTree = "<group>"; };
		A0A7D51214B5B140007B2D14 /* BKDevice.h */ = {isa = PBXFileReference; fileEncoding = 4; lastKnownFileType = sourcecode.c.h; path = BKDevice.h; sourceTree = "<group>"; };
		A0A7D51314B5B140007B2D14 /* BKDevice.m */ = {isa = PBXFileReference; fileEncoding = 4; lastKnownFileType = sourcecode.c.objc; path = BKDevice.m; sourceTree = "<group>"; };
		A0BF01B1157ACD7400CF7690 /* BKPosixRegex.h */ = {isa = PBXFileReference; fileEncoding = 4; lastKnownFileType = sourcecode.c.h; path = BKPosixRegex.h; sourceTree = "<group>"; };
		A0BF01B2157ACD7400CF7690 /* BKPosixRegex.m */ = {isa = PBXFileReference; fileEncoding = 4; lastKnownFileType = sourcecode.c.objc; path = BKPosixRegex.m; sourceTree = "<group>"; };
		A0C431BF150B8A6B000047D0 /* BKListController.h */ = {isa = PBXFileReference; fileEncoding = 4; lastKnownFileType = sourcecode.c.h; path = BKListController.h; sourceTree = "<group>"; };
		A0C431C0150B8A6B000047D0 /* BKListController.m */ = {isa = PBXFileReference; fileEncoding = 4; lastKnownFileType = sourcecode.c.objc; path = BKListController.m; sourceTree = "<group>"; };
		A0C70C9A144526100093D650 /* BKPromptView.h */ = {isa = PBXFileReference; fileEncoding = 4; lastKnownFileType = sourcecode.c.h; path = BKPromptView.h; sourceTree = "<group>"; };
		A0C70C9B144526100093D650 /* BKPromptView.m */ = {isa = PBXFileReference; fileEncoding = 4; lastKnownFileType = sourcecode.c.objc; path = BKPromptView.m; sourceTree = "<group>"; };
		A0D32C9114186F0200641ABD /* BKStack.h */ = {isa = PBXFileReference; fileEncoding = 4; lastKnownFileType = sourcecode.c.h; path = BKStack.h; sourceTree = "<group>"; };
		A0D32C9214186F0200641ABD /* BKStack.m */ = {isa = PBXFileReference; fileEncoding = 4; lastKnownFileType = sourcecode.c.objc; path = BKStack.m; sourceTree = "<group>"; };
		A0D32C9814186F2800641ABD /* BKQueue.h */ = {isa = PBXFileReference; fileEncoding = 4; lastKnownFileType = sourcecode.c.h; path = BKQueue.h; sourceTree = "<group>"; };
		A0D32C9914186F2800641ABD /* BKQueue.m */ = {isa = PBXFileReference; fileEncoding = 4; lastKnownFileType = sourcecode.c.objc; path = BKQueue.m; sourceTree = "<group>"; };
		A0E24F0C14E3DF410040D81D /* BKTableTags.h */ = {isa = PBXFileReference; fileEncoding = 4; lastKnownFileType = sourcecode.c.h; path = BKTableTags.h; sourceTree = "<group>"; };
		A0E24F0D14E3DF410040D81D /* BKTableTags.m */ = {isa = PBXFileReference; fileEncoding = 4; lastKnownFileType = sourcecode.c.objc; path = BKTableTags.m; sourceTree = "<group>"; };
		A0F713591413520300252B5F /* libBindleKit.a */ = {isa = PBXFileReference; explicitFileType = archive.ar; includeInIndex = 0; path = libBindleKit.a; sourceTree = BUILT_PRODUCTS_DIR; };
		A0F713661413529D00252B5F /* Foundation.framework */ = {isa = PBXFileReference; lastKnownFileType = wrapper.framework; name = Foundation.framework; path = SDKs/MacOSX10.7.sdk/System/Library/Frameworks/Foundation.framework; sourceTree = DEVELOPER_DIR; };
		A0FCC8F814E22CD5001A0644 /* BKVersion.h */ = {isa = PBXFileReference; fileEncoding = 4; lastKnownFileType = sourcecode.c.h; path = BKVersion.h; sourceTree = "<group>"; };
		A0FCC8F914E22CD5001A0644 /* BKVersion.m */ = {isa = PBXFileReference; fileEncoding = 4; lastKnownFileType = sourcecode.c.objc; path = BKVersion.m; sourceTree = "<group>"; };
		A0FCC90514E23320001A0644 /* BKPackage.h */ = {isa = PBXFileReference; fileEncoding = 4; lastKnownFileType = sourcecode.c.h; path = BKPackage.h; sourceTree = "<group>"; };
		A0FCC90614E23320001A0644 /* BKPackage.m */ = {isa = PBXFileReference; fileEncoding = 4; lastKnownFileType = sourcecode.c.objc; path = BKPackage.m; sourceTree = "<group>"; };
		A0FCC9C014E2913F001A0644 /* BKPackageController.h */ = {isa = PBXFileReference; fileEncoding = 4; lastKnownFileType = sourcecode.c.h; path = BKPackageController.h; sourceTree = "<group>"; };
		A0FCC9C114E2913F001A0644 /* BKPackageController.m */ = {isa = PBXFileReference; fileEncoding = 4; lastKnownFileType = sourcecode.c.objc; path = BKPackageController.m; sourceTree = "<group>"; };
/* End PBXFileReference section */

/* Begin PBXFrameworksBuildPhase section */
		A07D34F1140DC1E800832E1F /* Frameworks */ = {
			isa = PBXFrameworksBuildPhase;
			buildActionMask = 2147483647;
			files = (
				A07D34F8140DC1E800832E1F /* Foundation.framework in Frameworks */,
			);
			runOnlyForDeploymentPostprocessing = 0;
		};
		A0F713561413520300252B5F /* Frameworks */ = {
			isa = PBXFrameworksBuildPhase;
			buildActionMask = 2147483647;
			files = (
				A0F713671413529D00252B5F /* Foundation.framework in Frameworks */,
			);
			runOnlyForDeploymentPostprocessing = 0;
		};
/* End PBXFrameworksBuildPhase section */

/* Begin PBXGroup section */
		A019D34C15E991090012308A /* Contributed Software */ = {
			isa = PBXGroup;
			children = (
				A019D35015E991E70012308A /* bindletools.xcodeproj */,
			);
			name = "Contributed Software";
			path = contrib;
			sourceTree = "<group>";
		};
		A019D35115E991E70012308A /* Products */ = {
			isa = PBXGroup;
			children = (
			);
			name = Products;
			sourceTree = "<group>";
		};
		A0410FA614282F8C00ACE897 /* Views */ = {
			isa = PBXGroup;
			children = (
				A0410F96142801E300ACE897 /* BKButtonImages.h */,
				A0410F97142801E300ACE897 /* BKButtonImages.m */,
				A0410FBC14283FF800ACE897 /* iOS */,
			);
			name = Views;
			path = views;
			sourceTree = "<group>";
		};
		A0410FBC14283FF800ACE897 /* iOS */ = {
			isa = PBXGroup;
			children = (
				A028021B14F0CAD100095E98 /* BKActivityDisplayController.h */,
				A028021C14F0CAD100095E98 /* BKActivityDisplayController.m */,
				A0410FBD14283FF800ACE897 /* BKButton.h */,
				A0410FBE14283FF800ACE897 /* BKButton.m */,
				A0C70C9A144526100093D650 /* BKPromptView.h */,
				A0C70C9B144526100093D650 /* BKPromptView.m */,
			);
			path = iOS;
			sourceTree = "<group>";
		};
		A0529AC3140DCAC300CFA6F8 /* Models */ = {
			isa = PBXGroup;
			children = (
				A03F4B2314E5D60C0077F16D /* BKHash.h */,
				A03F4B2414E5D60C0077F16D /* BKHash.m */,
				A09BD78B17541795007D4B38 /* BKLogger.h */,
				A09BD78C17541795007D4B38 /* BKLogger.m */,
				A092A664141706B40033C972 /* BKNode.h */,
				A092A665141706B40033C972 /* BKNode.m */,
				A0529AC7140DDCB500CFA6F8 /* BKMemoryCache.h */,
				A0529AC8140DDCB500CFA6F8 /* BKMemoryCache.m */,
				A0FCC90514E23320001A0644 /* BKPackage.h */,
				A0FCC90614E23320001A0644 /* BKPackage.m */,
				A0D32C9814186F2800641ABD /* BKQueue.h */,
				A0D32C9914186F2800641ABD /* BKQueue.m */,
				A0BF01B1157ACD7400CF7690 /* BKPosixRegex.h */,
				A0BF01B2157ACD7400CF7690 /* BKPosixRegex.m */,
				A073B461157F178C00F30BAB /* BKPosixRegmatch.h */,
				A073B462157F178C00F30BAB /* BKPosixRegmatch.m */,
				A064D96A140E047C00255FD3 /* BKSelectionOption.h */,
				A064D96B140E047C00255FD3 /* BKSelectionOption.m */,
				A0D32C9114186F0200641ABD /* BKStack.h */,
				A0D32C9214186F0200641ABD /* BKStack.m */,
				A0E24F0C14E3DF410040D81D /* BKTableTags.h */,
				A0E24F0D14E3DF410040D81D /* BKTableTags.m */,
				A0808A94175FC3AA0074058B /* BKUUID.h */,
				A0808A95175FC3AA0074058B /* BKUUID.m */,
				A0FCC8F814E22CD5001A0644 /* BKVersion.h */,
				A0FCC8F914E22CD5001A0644 /* BKVersion.m */,
			);
			name = Models;
			path = models;
			sourceTree = "<group>";
		};
		A0529AF3140DE01B00CFA6F8 /* Other Frameworks */ = {
			isa = PBXGroup;
			children = (
				A0529AF4140DE01B00CFA6F8 /* AppKit.framework */,
				A0529AF5140DE01B00CFA6F8 /* CoreData.framework */,
				A0529AF6140DE01B00CFA6F8 /* Foundation.framework */,
			);
			name = "Other Frameworks";
			sourceTree = "<group>";
		};
		A064D96F140E053200255FD3 /* Controllers */ = {
			isa = PBXGroup;
			children = (
				A014851B143D4F3200A24446 /* BKNetworkReachability.h */,
				A014851C143D4F3200A24446 /* BKNetworkReachability.m */,
				A024C24B15A3B52500D8E38A /* BKNetworkReachabilityResolver.h */,
				A024C24C15A3B52500D8E38A /* BKNetworkReachabilityResolver.m */,
				A064D970140E053200255FD3 /* iOS */,
			);
			name = Controllers;
			path = controllers;
			sourceTree = "<group>";
		};
		A064D970140E053200255FD3 /* iOS */ = {
			isa = PBXGroup;
			children = (
				A0A7D51214B5B140007B2D14 /* BKDevice.h */,
				A0A7D51314B5B140007B2D14 /* BKDevice.m */,
				A0C431BF150B8A6B000047D0 /* BKListController.h */,
				A0C431C0150B8A6B000047D0 /* BKListController.m */,
				A09BD7961754B5D1007D4B38 /* BKLoggerController.h */,
				A09BD7971754B5D1007D4B38 /* BKLoggerController.m */,
				A0FCC9C014E2913F001A0644 /* BKPackageController.h */,
				A0FCC9C114E2913F001A0644 /* BKPackageController.m */,
				A064D971140E053200255FD3 /* BKSelectionController.h */,
				A064D972140E053200255FD3 /* BKSelectionController.m */,
				A0617452142028BA00BCEA6F /* BKSplitViewController.h */,
				A0617453142028BA00BCEA6F /* BKSplitViewController.m */,
			);
			path = iOS;
			sourceTree = "<group>";
		};
		A070F763159F9B5200D0C083 /* Documentation */ = {
			isa = PBXGroup;
			children = (
				A070F764159F9B7D00D0C083 /* appledoc.txt */,
			);
			name = Documentation;
			path = docs;
			sourceTree = SOURCE_ROOT;
		};
		A07D34E9140DC1E800832E1F = {
			isa = PBXGroup;
			children = (
				A052A8B11512CC7F00599FD6 /* ChangeLog */,
				A0529ABB140DC95A00CFA6F8 /* COPYING */,
				A070F761159F97BD00D0C083 /* Makefile */,
				A0529ABC140DC95A00CFA6F8 /* README */,
				A07A7F261416D18000AB872D /* TODO */,
				A07D34F9140DC1E800832E1F /* BindleKit */,
				A070F763159F9B5200D0C083 /* Documentation */,
				A019D34C15E991090012308A /* Contributed Software */,
				A07D34F6140DC1E800832E1F /* Frameworks */,
				A07D34F5140DC1E800832E1F /* Products */,
			);
			sourceTree = "<group>";
		};
		A07D34F5140DC1E800832E1F /* Products */ = {
			isa = PBXGroup;
			children = (
				A07D34F4140DC1E800832E1F /* libBindleKit.a */,
				A0F713591413520300252B5F /* libBindleKit.a */,
			);
			name = Products;
			sourceTree = "<group>";
		};
		A07D34F6140DC1E800832E1F /* Frameworks */ = {
			isa = PBXGroup;
			children = (
				A0F713661413529D00252B5F /* Foundation.framework */,
				A07D34F7140DC1E800832E1F /* Foundation.framework */,
				A07D3505140DC1E800832E1F /* SenTestingKit.framework */,
				A07D3507140DC1E900832E1F /* UIKit.framework */,
				A07D350A140DC1E900832E1F /* CoreGraphics.framework */,
				A0529AF1140DE01B00CFA6F8 /* Cocoa.framework */,
				A0529AF3140DE01B00CFA6F8 /* Other Frameworks */,
			);
			name = Frameworks;
			sourceTree = "<group>";
		};
		A07D34F9140DC1E800832E1F /* BindleKit */ = {
			isa = PBXGroup;
			children = (
				A07D34FC140DC1E800832E1F /* BindleKit.h */,
				A0529AC3140DCAC300CFA6F8 /* Models */,
				A064D96F140E053200255FD3 /* Controllers */,
				A0410FA614282F8C00ACE897 /* Views */,
				A07D34FA140DC1E800832E1F /* Supporting Files */,
			);
			path = BindleKit;
			sourceTree = "<group>";
		};
		A07D34FA140DC1E800832E1F /* Supporting Files */ = {
			isa = PBXGroup;
			children = (
				A07D34FB140DC1E800832E1F /* BindleKit-Prefix.pch */,
			);
			name = "Supporting Files";
			path = support;
			sourceTree = "<group>";
		};
/* End PBXGroup section */

/* Begin PBXHeadersBuildPhase section */
		A07D34F2140DC1E800832E1F /* Headers */ = {
			isa = PBXHeadersBuildPhase;
			buildActionMask = 2147483647;
			files = (
				A0529AC9140DDCB500CFA6F8 /* BKMemoryCache.h in Headers */,
				A064D96C140E047C00255FD3 /* BKSelectionOption.h in Headers */,
				A064D973140E053200255FD3 /* BKSelectionController.h in Headers */,
				A092A666141706B40033C972 /* BKNode.h in Headers */,
				A0D32C9314186F0200641ABD /* BKStack.h in Headers */,
				A0D32C9A14186F2800641ABD /* BKQueue.h in Headers */,
				A0617454142028BA00BCEA6F /* BKSplitViewController.h in Headers */,
				A0410F98142801E300ACE897 /* BKButtonImages.h in Headers */,
				A0410FBF14283FF800ACE897 /* BKButton.h in Headers */,
				A014851D143D4F3200A24446 /* BKNetworkReachability.h in Headers */,
				A0C70C9C144526100093D650 /* BKPromptView.h in Headers */,
				A0A7D51414B5B140007B2D14 /* BKDevice.h in Headers */,
				A0FCC8FA14E22CD5001A0644 /* BKVersion.h in Headers */,
				A0FCC90714E23321001A0644 /* BKPackage.h in Headers */,
				A0FCC9C214E2913F001A0644 /* BKPackageController.h in Headers */,
				A0E24F0E14E3DF410040D81D /* BKTableTags.h in Headers */,
				A03F4B2514E5D60C0077F16D /* BKHash.h in Headers */,
				A028021D14F0CAD100095E98 /* BKActivityDisplayController.h in Headers */,
				A0C431C1150B8A6B000047D0 /* BKListController.h in Headers */,
				A0BF01B3157ACD7400CF7690 /* BKPosixRegex.h in Headers */,
				A073B463157F178C00F30BAB /* BKPosixRegmatch.h in Headers */,
				A024C24D15A3B52500D8E38A /* BKNetworkReachabilityResolver.h in Headers */,
				A09BD78D17541795007D4B38 /* BKLogger.h in Headers */,
				A09BD7981754B5D1007D4B38 /* BKLoggerController.h in Headers */,
				A0808A96175FC3AA0074058B /* BKUUID.h in Headers */,
			);
			runOnlyForDeploymentPostprocessing = 0;
		};
		A0F713571413520300252B5F /* Headers */ = {
			isa = PBXHeadersBuildPhase;
			buildActionMask = 2147483647;
			files = (
				A092A667141706B40033C972 /* BKNode.h in Headers */,
				A0D32C9414186F0200641ABD /* BKStack.h in Headers */,
				A0D32C9B14186F2800641ABD /* BKQueue.h in Headers */,
				A0410F99142801E300ACE897 /* BKButtonImages.h in Headers */,
				A014851E143D4F3200A24446 /* BKNetworkReachability.h in Headers */,
				A0FCC8FB14E22CD5001A0644 /* BKVersion.h in Headers */,
				A0FCC90814E23321001A0644 /* BKPackage.h in Headers */,
				A0E24F0F14E3DF410040D81D /* BKTableTags.h in Headers */,
				A03F4B2614E5D60C0077F16D /* BKHash.h in Headers */,
				A0BF01B4157ACD7400CF7690 /* BKPosixRegex.h in Headers */,
				A073B464157F178C00F30BAB /* BKPosixRegmatch.h in Headers */,
				A024C24E15A3B52500D8E38A /* BKNetworkReachabilityResolver.h in Headers */,
				A09BD78E17541795007D4B38 /* BKLogger.h in Headers */,
				A0808A97175FC3AA0074058B /* BKUUID.h in Headers */,
			);
			runOnlyForDeploymentPostprocessing = 0;
		};
/* End PBXHeadersBuildPhase section */

/* Begin PBXLegacyTarget section */
		A06DE7B11587375A0009F87D /* BindleKit: Docset */ = {
			isa = PBXLegacyTarget;
			buildArgumentsString = "$(ACTION)";
			buildConfigurationList = A06DE7B41587375A0009F87D /* Build configuration list for PBXLegacyTarget "BindleKit: Docset" */;
			buildPhases = (
			);
			buildToolPath = /usr/bin/make;
			dependencies = (
			);
			name = "BindleKit: Docset";
			passBuildSettingsInEnvironment = 1;
			productName = "BindleKit Docset";
		};
/* End PBXLegacyTarget section */

/* Begin PBXNativeTarget section */
		A07D34F3140DC1E800832E1F /* iBindleKit */ = {
			isa = PBXNativeTarget;
			buildConfigurationList = A07D351B140DC1E900832E1F /* Build configuration list for PBXNativeTarget "iBindleKit" */;
			buildPhases = (
				A07D34F0140DC1E800832E1F /* Sources */,
				A07D34F1140DC1E800832E1F /* Frameworks */,
				A07D34F2140DC1E800832E1F /* Headers */,
			);
			buildRules = (
			);
			dependencies = (
				A0FCC95C14E248E8001A0644 /* PBXTargetDependency */,
			);
			name = iBindleKit;
			productName = BindleKit;
			productReference = A07D34F4140DC1E800832E1F /* libBindleKit.a */;
			productType = "com.apple.product-type.library.static";
		};
		A0F713581413520300252B5F /* BindleKit */ = {
			isa = PBXNativeTarget;
			buildConfigurationList = A0F713611413520300252B5F /* Build configuration list for PBXNativeTarget "BindleKit" */;
			buildPhases = (
				A0F713551413520300252B5F /* Sources */,
				A0F713561413520300252B5F /* Frameworks */,
				A0F713571413520300252B5F /* Headers */,
			);
			buildRules = (
			);
			dependencies = (
				A0FCC95E14E248ED001A0644 /* PBXTargetDependency */,
			);
			name = BindleKit;
			productName = BindleKit;
			productReference = A0F713591413520300252B5F /* libBindleKit.a */;
			productType = "com.apple.product-type.library.static";
		};
/* End PBXNativeTarget section */

/* Begin PBXProject section */
		A07D34EB140DC1E800832E1F /* Project object */ = {
			isa = PBXProject;
			attributes = {
				LastUpgradeCheck = 0450;
				ORGANIZATIONNAME = "Bindle Binaries";
			};
			buildConfigurationList = A07D34EE140DC1E800832E1F /* Build configuration list for PBXProject "BindleKit" */;
			compatibilityVersion = "Xcode 3.2";
			developmentRegion = English;
			hasScannedForEncodings = 0;
			knownRegions = (
				en,
			);
			mainGroup = A07D34E9140DC1E800832E1F;
			productRefGroup = A07D34F5140DC1E800832E1F /* Products */;
			projectDirPath = "";
			projectReferences = (
				{
					ProductGroup = A019D35115E991E70012308A /* Products */;
					ProjectRef = A019D35015E991E70012308A /* bindletools.xcodeproj */;
				},
			);
			projectRoot = "";
			targets = (
				A07D34F3140DC1E800832E1F /* iBindleKit */,
				A0F713581413520300252B5F /* BindleKit */,
				A0FCC95614E248A2001A0644 /* BindleKit: Git Version */,
				A06DE7B11587375A0009F87D /* BindleKit: Docset */,
				A019D34515E990650012308A /* BindleKit: Git Submodules */,
			);
		};
/* End PBXProject section */

/* Begin PBXShellScriptBuildPhase section */
		A019D34B15E9907B0012308A /* ShellScript */ = {
			isa = PBXShellScriptBuildPhase;
			buildActionMask = 2147483647;
			files = (
			);
			inputPaths = (
			);
			outputPaths = (
			);
			runOnlyForDeploymentPostprocessing = 0;
			shellPath = /bin/sh;
			shellScript = "git rev-parse --show-toplevel > /dev/null || exit 0\ncd `git rev-parse --show-toplevel`\ngit submodule init\ngit submodule sync\ngit submodule update";
			showEnvVarsInLog = 0;
		};
		A0FCC95A14E248AA001A0644 /* ShellScript */ = {
			isa = PBXShellScriptBuildPhase;
			buildActionMask = 2147483647;
			files = (
			);
			inputPaths = (
			);
			outputPaths = (
			);
			runOnlyForDeploymentPostprocessing = 0;
			shellPath = /bin/sh;
			shellScript = "contrib/bindletools/build-aux/git-package-version.sh ${PROJECT_DIR} ${PROJECT_DIR}/BindleKit";
			showEnvVarsInLog = 0;
		};
/* End PBXShellScriptBuildPhase section */

/* Begin PBXSourcesBuildPhase section */
		A07D34F0140DC1E800832E1F /* Sources */ = {
			isa = PBXSourcesBuildPhase;
			buildActionMask = 2147483647;
			files = (
				A0529ACA140DDCB500CFA6F8 /* BKMemoryCache.m in Sources */,
				A064D96D140E047C00255FD3 /* BKSelectionOption.m in Sources */,
				A064D974140E053200255FD3 /* BKSelectionController.m in Sources */,
				A092A668141706B40033C972 /* BKNode.m in Sources */,
				A0D32C9514186F0200641ABD /* BKStack.m in Sources */,
				A0D32C9C14186F2800641ABD /* BKQueue.m in Sources */,
				A0617455142028BA00BCEA6F /* BKSplitViewController.m in Sources */,
				A0410F9A142801E300ACE897 /* BKButtonImages.m in Sources */,
				A0410FC014283FF800ACE897 /* BKButton.m in Sources */,
				A014851F143D4F3200A24446 /* BKNetworkReachability.m in Sources */,
				A0C70C9D144526100093D650 /* BKPromptView.m in Sources */,
				A0A7D51514B5B140007B2D14 /* BKDevice.m in Sources */,
				A0FCC8FC14E22CD5001A0644 /* BKVersion.m in Sources */,
				A0FCC90914E23321001A0644 /* BKPackage.m in Sources */,
				A0FCC9C314E2913F001A0644 /* BKPackageController.m in Sources */,
				A0E24F1014E3DF410040D81D /* BKTableTags.m in Sources */,
				A03F4B2714E5D60C0077F16D /* BKHash.m in Sources */,
				A028021E14F0CAD100095E98 /* BKActivityDisplayController.m in Sources */,
				A0C431C2150B8A6B000047D0 /* BKListController.m in Sources */,
				A0BF01B5157ACD7400CF7690 /* BKPosixRegex.m in Sources */,
				A073B465157F178C00F30BAB /* BKPosixRegmatch.m in Sources */,
				A024C24F15A3B52500D8E38A /* BKNetworkReachabilityResolver.m in Sources */,
				A09BD78F17541795007D4B38 /* BKLogger.m in Sources */,
				A09BD7991754B5D1007D4B38 /* BKLoggerController.m in Sources */,
				A0808A98175FC3AA0074058B /* BKUUID.m in Sources */,
			);
			runOnlyForDeploymentPostprocessing = 0;
		};
		A0F713551413520300252B5F /* Sources */ = {
			isa = PBXSourcesBuildPhase;
			buildActionMask = 2147483647;
			files = (
				A0F713641413526900252B5F /* BKMemoryCache.m in Sources */,
				A0F713651413526C00252B5F /* BKSelectionOption.m in Sources */,
				A092A669141706B40033C972 /* BKNode.m in Sources */,
				A0D32C9614186F0200641ABD /* BKStack.m in Sources */,
				A0D32C9D14186F2800641ABD /* BKQueue.m in Sources */,
				A0410F9B142801E300ACE897 /* BKButtonImages.m in Sources */,
				A0148520143D4F3200A24446 /* BKNetworkReachability.m in Sources */,
				A0FCC8FD14E22CD5001A0644 /* BKVersion.m in Sources */,
				A0FCC90A14E23321001A0644 /* BKPackage.m in Sources */,
				A0E24F1114E3DF410040D81D /* BKTableTags.m in Sources */,
				A03F4B2814E5D60C0077F16D /* BKHash.m in Sources */,
				A0BF01B6157ACD7400CF7690 /* BKPosixRegex.m in Sources */,
				A073B466157F178C00F30BAB /* BKPosixRegmatch.m in Sources */,
				A024C25015A3B52500D8E38A /* BKNetworkReachabilityResolver.m in Sources */,
				A09BD79017541795007D4B38 /* BKLogger.m in Sources */,
				A0808A99175FC3AA0074058B /* BKUUID.m in Sources */,
			);
			runOnlyForDeploymentPostprocessing = 0;
		};
/* End PBXSourcesBuildPhase section */

/* Begin PBXTargetDependency section */
		A019D34A15E9906D0012308A /* PBXTargetDependency */ = {
			isa = PBXTargetDependency;
			target = A019D34515E990650012308A /* BindleKit: Git Submodules */;
			targetProxy = A019D34915E9906D0012308A /* PBXContainerItemProxy */;
		};
		A0FCC95C14E248E8001A0644 /* PBXTargetDependency */ = {
			isa = PBXTargetDependency;
			target = A0FCC95614E248A2001A0644 /* BindleKit: Git Version */;
			targetProxy = A0FCC95B14E248E8001A0644 /* PBXContainerItemProxy */;
		};
		A0FCC95E14E248ED001A0644 /* PBXTargetDependency */ = {
			isa = PBXTargetDependency;
			target = A0FCC95614E248A2001A0644 /* BindleKit: Git Version */;
			targetProxy = A0FCC95D14E248ED001A0644 /* PBXContainerItemProxy */;
		};
/* End PBXTargetDependency section */

/* Begin XCBuildConfiguration section */
		A019D34715E990650012308A /* Debug */ = {
			isa = XCBuildConfiguration;
			buildSettings = {
				PRODUCT_NAME = "$(TARGET_NAME)";
			};
			name = Debug;
		};
		A019D34815E990650012308A /* Release */ = {
			isa = XCBuildConfiguration;
			buildSettings = {
				PRODUCT_NAME = "$(TARGET_NAME)";
			};
			name = Release;
		};
		A06DE7B21587375A0009F87D /* Debug */ = {
			isa = XCBuildConfiguration;
			buildSettings = {
				ARCHS = "$(ARCHS_STANDARD_64_BIT)";
				COMBINE_HIDPI_IMAGES = YES;
				DEBUGGING_SYMBOLS = YES;
				GCC_ENABLE_OBJC_EXCEPTIONS = YES;
				GCC_GENERATE_DEBUGGING_SYMBOLS = YES;
				GCC_OPTIMIZATION_LEVEL = 0;
				GCC_VERSION = com.apple.compilers.llvm.clang.1_0;
				GCC_WARN_64_TO_32_BIT_CONVERSION = YES;
				GCC_WARN_UNINITIALIZED_AUTOS = YES;
				MACOSX_DEPLOYMENT_TARGET = 10.7;
				ONLY_ACTIVE_ARCH = YES;
				OTHER_CFLAGS = "";
				OTHER_LDFLAGS = "";
				PRODUCT_NAME = "$(TARGET_NAME)";
				SDKROOT = macosx;
			};
			name = Debug;
		};
		A06DE7B31587375A0009F87D /* Release */ = {
			isa = XCBuildConfiguration;
			buildSettings = {
				ARCHS = "$(ARCHS_STANDARD_64_BIT)";
				COMBINE_HIDPI_IMAGES = YES;
				DEBUG_INFORMATION_FORMAT = "dwarf-with-dsym";
				GCC_ENABLE_OBJC_EXCEPTIONS = YES;
				GCC_VERSION = com.apple.compilers.llvm.clang.1_0;
				GCC_WARN_64_TO_32_BIT_CONVERSION = YES;
				GCC_WARN_UNINITIALIZED_AUTOS = YES;
				MACOSX_DEPLOYMENT_TARGET = 10.7;
				OTHER_CFLAGS = "";
				OTHER_LDFLAGS = "";
				PRODUCT_NAME = "$(TARGET_NAME)";
				SDKROOT = macosx;
			};
			name = Release;
		};
		A07D3519140DC1E900832E1F /* Debug */ = {
			isa = XCBuildConfiguration;
			buildSettings = {
				ALWAYS_SEARCH_USER_PATHS = NO;
				COPY_PHASE_STRIP = NO;
				GCC_C_LANGUAGE_STANDARD = gnu99;
				GCC_DYNAMIC_NO_PIC = NO;
				GCC_OPTIMIZATION_LEVEL = 0;
				GCC_PREPROCESSOR_DEFINITIONS = (
					"DEBUG=1",
					"$(inherited)",
				);
				GCC_SYMBOLS_PRIVATE_EXTERN = NO;
				GCC_THUMB_SUPPORT = NO;
				GCC_WARN_ABOUT_MISSING_PROTOTYPES = YES;
				GCC_WARN_ABOUT_RETURN_TYPE = YES;
				GCC_WARN_UNUSED_VARIABLE = YES;
				HEADER_SEARCH_PATHS = .;
				SDKROOT = iphoneos;
			};
			name = Debug;
		};
		A07D351A140DC1E900832E1F /* Release */ = {
			isa = XCBuildConfiguration;
			buildSettings = {
				ALWAYS_SEARCH_USER_PATHS = NO;
				COPY_PHASE_STRIP = YES;
				GCC_C_LANGUAGE_STANDARD = gnu99;
				GCC_THUMB_SUPPORT = NO;
				GCC_WARN_ABOUT_MISSING_PROTOTYPES = YES;
				GCC_WARN_ABOUT_RETURN_TYPE = YES;
				GCC_WARN_UNUSED_VARIABLE = YES;
				HEADER_SEARCH_PATHS = .;
				SDKROOT = iphoneos;
				VALIDATE_PRODUCT = YES;
			};
			name = Release;
		};
		A07D351C140DC1E900832E1F /* Debug */ = {
			isa = XCBuildConfiguration;
			buildSettings = {
				CLANG_ENABLE_OBJC_ARC = YES;
				DSTROOT = /tmp/BindleKit.dst;
				GCC_PRECOMPILE_PREFIX_HEADER = YES;
				GCC_PREFIX_HEADER = "BindleKit/support/BindleKit-Prefix.pch";
				GCC_THUMB_SUPPORT = NO;
				IPHONEOS_DEPLOYMENT_TARGET = 5.0;
				OTHER_LDFLAGS = "-ObjC";
				PRODUCT_NAME = BindleKit;
				SKIP_INSTALL = YES;
			};
			name = Debug;
		};
		A07D351D140DC1E900832E1F /* Release */ = {
			isa = XCBuildConfiguration;
			buildSettings = {
				CLANG_ENABLE_OBJC_ARC = YES;
				DSTROOT = /tmp/BindleKit.dst;
				GCC_PRECOMPILE_PREFIX_HEADER = YES;
				GCC_PREFIX_HEADER = "BindleKit/support/BindleKit-Prefix.pch";
				GCC_THUMB_SUPPORT = NO;
				IPHONEOS_DEPLOYMENT_TARGET = 5.0;
				OTHER_LDFLAGS = "-ObjC";
				PRODUCT_NAME = BindleKit;
				SKIP_INSTALL = YES;
			};
			name = Release;
		};
		A0F713621413520300252B5F /* Debug */ = {
			isa = XCBuildConfiguration;
			buildSettings = {
				ARCHS = "$(ARCHS_STANDARD_64_BIT)";
				CLANG_ENABLE_OBJC_ARC = YES;
				COMBINE_HIDPI_IMAGES = YES;
				FRAMEWORK_SEARCH_PATHS = (
					"$(inherited)",
					"\"$(DEVELOPER_FRAMEWORKS_DIR)\"",
				);
				GCC_ENABLE_OBJC_EXCEPTIONS = YES;
				GCC_PRECOMPILE_PREFIX_HEADER = YES;
				GCC_PREFIX_HEADER = "BindleKit/support/BindleKit-Prefix.pch";
				GCC_WARN_64_TO_32_BIT_CONVERSION = YES;
				MACOSX_DEPLOYMENT_TARGET = 10.7;
				ONLY_ACTIVE_ARCH = YES;
				PRODUCT_NAME = "$(TARGET_NAME)";
				SDKROOT = macosx;
			};
			name = Debug;
		};
		A0F713631413520300252B5F /* Release */ = {
			isa = XCBuildConfiguration;
			buildSettings = {
				ARCHS = "$(ARCHS_STANDARD_64_BIT)";
				CLANG_ENABLE_OBJC_ARC = YES;
				COMBINE_HIDPI_IMAGES = YES;
				DEBUG_INFORMATION_FORMAT = "dwarf-with-dsym";
				FRAMEWORK_SEARCH_PATHS = (
					"$(inherited)",
					"\"$(DEVELOPER_FRAMEWORKS_DIR)\"",
				);
				GCC_ENABLE_OBJC_EXCEPTIONS = YES;
				GCC_PRECOMPILE_PREFIX_HEADER = YES;
				GCC_PREFIX_HEADER = "BindleKit/support/BindleKit-Prefix.pch";
				GCC_WARN_64_TO_32_BIT_CONVERSION = YES;
				MACOSX_DEPLOYMENT_TARGET = 10.7;
				PRODUCT_NAME = "$(TARGET_NAME)";
				SDKROOT = macosx;
			};
			name = Release;
		};
		A0FCC95814E248A2001A0644 /* Debug */ = {
			isa = XCBuildConfiguration;
			buildSettings = {
				GCC_THUMB_SUPPORT = NO;
				PRODUCT_NAME = "$(TARGET_NAME)";
			};
			name = Debug;
		};
		A0FCC95914E248A2001A0644 /* Release */ = {
			isa = XCBuildConfiguration;
			buildSettings = {
				GCC_THUMB_SUPPORT = NO;
				PRODUCT_NAME = "$(TARGET_NAME)";
			};
			name = Release;
		};
/* End XCBuildConfiguration section */

/* Begin XCConfigurationList section */
		A019D34615E990650012308A /* Build configuration list for PBXAggregateTarget "BindleKit: Git Submodules" */ = {
			isa = XCConfigurationList;
			buildConfigurations = (
				A019D34715E990650012308A /* Debug */,
				A019D34815E990650012308A /* Release */,
			);
			defaultConfigurationIsVisible = 0;
			defaultConfigurationName = Release;
		};
		A06DE7B41587375A0009F87D /* Build configuration list for PBXLegacyTarget "BindleKit: Docset" */ = {
			isa = XCConfigurationList;
			buildConfigurations = (
				A06DE7B21587375A0009F87D /* Debug */,
				A06DE7B31587375A0009F87D /* Release */,
			);
			defaultConfigurationIsVisible = 0;
			defaultConfigurationName = Release;
		};
		A07D34EE140DC1E800832E1F /* Build configuration list for PBXProject "BindleKit" */ = {
			isa = XCConfigurationList;
			buildConfigurations = (
				A07D3519140DC1E900832E1F /* Debug */,
				A07D351A140DC1E900832E1F /* Release */,
			);
			defaultConfigurationIsVisible = 0;
			defaultConfigurationName = Release;
		};
		A07D351B140DC1E900832E1F /* Build configuration list for PBXNativeTarget "iBindleKit" */ = {
			isa = XCConfigurationList;
			buildConfigurations = (
				A07D351C140DC1E900832E1F /* Debug */,
				A07D351D140DC1E900832E1F /* Release */,
			);
			defaultConfigurationIsVisible = 0;
			defaultConfigurationName = Release;
		};
		A0F713611413520300252B5F /* Build configuration list for PBXNativeTarget "BindleKit" */ = {
			isa = XCConfigurationList;
			buildConfigurations = (
				A0F713621413520300252B5F /* Debug */,
				A0F713631413520300252B5F /* Release */,
			);
			defaultConfigurationIsVisible = 0;
			defaultConfigurationName = Release;
		};
		A0FCC95714E248A2001A0644 /* Build configuration list for PBXAggregateTarget "BindleKit: Git Version" */ = {
			isa = XCConfigurationList;
			buildConfigurations = (
				A0FCC95814E248A2001A0644 /* Debug */,
				A0FCC95914E248A2001A0644 /* Release */,
			);
			defaultConfigurationIsVisible = 0;
			defaultConfigurationName = Release;
		};
/* End XCConfigurationList section */
	};
	rootObject = A07D34EB140DC1E800832E1F /* Project object */;
}
