// !$*UTF8*$!
{
	archiveVersion = 1;
	classes = {
	};
	objectVersion = 46;
	objects = {

/* Begin PBXBuildFile section */
		A0529AC9140DDCB500CFA6F8 /* BKMemoryCache.h in Headers */ = {isa = PBXBuildFile; fileRef = A0529AC7140DDCB500CFA6F8 /* BKMemoryCache.h */; };
		A0529ACA140DDCB500CFA6F8 /* BKMemoryCache.m in Sources */ = {isa = PBXBuildFile; fileRef = A0529AC8140DDCB500CFA6F8 /* BKMemoryCache.m */; };
		A05CE1DD1416DF4D00B7002F /* BKStringDigest.h in Headers */ = {isa = PBXBuildFile; fileRef = A05CE1DB1416DF4D00B7002F /* BKStringDigest.h */; };
		A05CE1DE1416DF4D00B7002F /* BKStringDigest.h in Headers */ = {isa = PBXBuildFile; fileRef = A05CE1DB1416DF4D00B7002F /* BKStringDigest.h */; };
		A05CE1DF1416DF4D00B7002F /* BKStringDigest.m in Sources */ = {isa = PBXBuildFile; fileRef = A05CE1DC1416DF4D00B7002F /* BKStringDigest.m */; };
		A05CE1E01416DF4D00B7002F /* BKStringDigest.m in Sources */ = {isa = PBXBuildFile; fileRef = A05CE1DC1416DF4D00B7002F /* BKStringDigest.m */; };
		A064D96C140E047C00255FD3 /* BKSelectionOption.h in Headers */ = {isa = PBXBuildFile; fileRef = A064D96A140E047C00255FD3 /* BKSelectionOption.h */; };
		A064D96D140E047C00255FD3 /* BKSelectionOption.m in Sources */ = {isa = PBXBuildFile; fileRef = A064D96B140E047C00255FD3 /* BKSelectionOption.m */; };
		A064D973140E053200255FD3 /* BKSelectionController.h in Headers */ = {isa = PBXBuildFile; fileRef = A064D971140E053200255FD3 /* BKSelectionController.h */; };
		A064D974140E053200255FD3 /* BKSelectionController.m in Sources */ = {isa = PBXBuildFile; fileRef = A064D972140E053200255FD3 /* BKSelectionController.m */; };
		A07D34F8140DC1E800832E1F /* Foundation.framework in Frameworks */ = {isa = PBXBuildFile; fileRef = A07D34F7140DC1E800832E1F /* Foundation.framework */; };
		A092A666141706B40033C972 /* BKArgument.h in Headers */ = {isa = PBXBuildFile; fileRef = A092A664141706B40033C972 /* BKArgument.h */; };
		A092A667141706B40033C972 /* BKArgument.h in Headers */ = {isa = PBXBuildFile; fileRef = A092A664141706B40033C972 /* BKArgument.h */; };
		A092A668141706B40033C972 /* BKArgument.m in Sources */ = {isa = PBXBuildFile; fileRef = A092A665141706B40033C972 /* BKArgument.m */; };
		A092A669141706B40033C972 /* BKArgument.m in Sources */ = {isa = PBXBuildFile; fileRef = A092A665141706B40033C972 /* BKArgument.m */; };
		A0F713641413526900252B5F /* BKMemoryCache.m in Sources */ = {isa = PBXBuildFile; fileRef = A0529AC8140DDCB500CFA6F8 /* BKMemoryCache.m */; };
		A0F713651413526C00252B5F /* BKSelectionOption.m in Sources */ = {isa = PBXBuildFile; fileRef = A064D96B140E047C00255FD3 /* BKSelectionOption.m */; };
		A0F713671413529D00252B5F /* Foundation.framework in Frameworks */ = {isa = PBXBuildFile; fileRef = A0F713661413529D00252B5F /* Foundation.framework */; };
/* End PBXBuildFile section */

/* Begin PBXFileReference section */
		A0529ABB140DC95A00CFA6F8 /* COPYING */ = {isa = PBXFileReference; lastKnownFileType = text; path = COPYING; sourceTree = "<group>"; };
		A0529ABC140DC95A00CFA6F8 /* README */ = {isa = PBXFileReference; lastKnownFileType = text; path = README; sourceTree = "<group>"; };
		A0529AC7140DDCB500CFA6F8 /* BKMemoryCache.h */ = {isa = PBXFileReference; fileEncoding = 4; lastKnownFileType = sourcecode.c.h; path = BKMemoryCache.h; sourceTree = "<group>"; };
		A0529AC8140DDCB500CFA6F8 /* BKMemoryCache.m */ = {isa = PBXFileReference; fileEncoding = 4; lastKnownFileType = sourcecode.c.objc; path = BKMemoryCache.m; sourceTree = "<group>"; };
		A0529AF1140DE01B00CFA6F8 /* Cocoa.framework */ = {isa = PBXFileReference; lastKnownFileType = wrapper.framework; name = Cocoa.framework; path = Library/Frameworks/Cocoa.framework; sourceTree = DEVELOPER_DIR; };
		A0529AF4140DE01B00CFA6F8 /* AppKit.framework */ = {isa = PBXFileReference; lastKnownFileType = wrapper.framework; name = AppKit.framework; path = Library/Frameworks/AppKit.framework; sourceTree = SDKROOT; };
		A0529AF5140DE01B00CFA6F8 /* CoreData.framework */ = {isa = PBXFileReference; lastKnownFileType = wrapper.framework; name = CoreData.framework; path = Library/Frameworks/CoreData.framework; sourceTree = SDKROOT; };
		A0529AF6140DE01B00CFA6F8 /* Foundation.framework */ = {isa = PBXFileReference; lastKnownFileType = wrapper.framework; name = Foundation.framework; path = Library/Frameworks/Foundation.framework; sourceTree = SDKROOT; };
		A05CE1DB1416DF4D00B7002F /* BKStringDigest.h */ = {isa = PBXFileReference; fileEncoding = 4; lastKnownFileType = sourcecode.c.h; path = BKStringDigest.h; sourceTree = "<group>"; };
		A05CE1DC1416DF4D00B7002F /* BKStringDigest.m */ = {isa = PBXFileReference; fileEncoding = 4; lastKnownFileType = sourcecode.c.objc; path = BKStringDigest.m; sourceTree = "<group>"; };
		A064D96A140E047C00255FD3 /* BKSelectionOption.h */ = {isa = PBXFileReference; fileEncoding = 4; lastKnownFileType = sourcecode.c.h; path = BKSelectionOption.h; sourceTree = "<group>"; };
		A064D96B140E047C00255FD3 /* BKSelectionOption.m */ = {isa = PBXFileReference; fileEncoding = 4; lastKnownFileType = sourcecode.c.objc; path = BKSelectionOption.m; sourceTree = "<group>"; };
		A064D971140E053200255FD3 /* BKSelectionController.h */ = {isa = PBXFileReference; fileEncoding = 4; lastKnownFileType = sourcecode.c.h; path = BKSelectionController.h; sourceTree = "<group>"; };
		A064D972140E053200255FD3 /* BKSelectionController.m */ = {isa = PBXFileReference; fileEncoding = 4; lastKnownFileType = sourcecode.c.objc; path = BKSelectionController.m; sourceTree = "<group>"; };
		A07A7F261416D18000AB872D /* TODO */ = {isa = PBXFileReference; lastKnownFileType = text; path = TODO; sourceTree = "<group>"; };
		A07D34F4140DC1E800832E1F /* libBindleKit.a */ = {isa = PBXFileReference; explicitFileType = archive.ar; includeInIndex = 0; name = libBindleKit.a; path = libiBindleKit.a; sourceTree = BUILT_PRODUCTS_DIR; };
		A07D34F7140DC1E800832E1F /* Foundation.framework */ = {isa = PBXFileReference; lastKnownFileType = wrapper.framework; name = Foundation.framework; path = System/Library/Frameworks/Foundation.framework; sourceTree = SDKROOT; };
		A07D34FB140DC1E800832E1F /* BindleKit-Prefix.pch */ = {isa = PBXFileReference; fileEncoding = 4; lastKnownFileType = sourcecode.c.h; path = "BindleKit-Prefix.pch"; sourceTree = "<group>"; };
		A07D34FC140DC1E800832E1F /* BindleKit.h */ = {isa = PBXFileReference; lastKnownFileType = sourcecode.c.h; path = BindleKit.h; sourceTree = "<group>"; };
		A07D3505140DC1E800832E1F /* SenTestingKit.framework */ = {isa = PBXFileReference; lastKnownFileType = wrapper.framework; name = SenTestingKit.framework; path = Library/Frameworks/SenTestingKit.framework; sourceTree = DEVELOPER_DIR; };
		A07D3507140DC1E900832E1F /* UIKit.framework */ = {isa = PBXFileReference; lastKnownFileType = wrapper.framework; name = UIKit.framework; path = Library/Frameworks/UIKit.framework; sourceTree = DEVELOPER_DIR; };
		A07D350A140DC1E900832E1F /* CoreGraphics.framework */ = {isa = PBXFileReference; lastKnownFileType = wrapper.framework; name = CoreGraphics.framework; path = Library/Frameworks/CoreGraphics.framework; sourceTree = DEVELOPER_DIR; };
		A092A664141706B40033C972 /* BKArgument.h */ = {isa = PBXFileReference; fileEncoding = 4; lastKnownFileType = sourcecode.c.h; path = BKArgument.h; sourceTree = "<group>"; };
		A092A665141706B40033C972 /* BKArgument.m */ = {isa = PBXFileReference; fileEncoding = 4; lastKnownFileType = sourcecode.c.objc; path = BKArgument.m; sourceTree = "<group>"; };
		A0F713591413520300252B5F /* libBindleKit.a */ = {isa = PBXFileReference; explicitFileType = archive.ar; includeInIndex = 0; path = libBindleKit.a; sourceTree = BUILT_PRODUCTS_DIR; };
		A0F713661413529D00252B5F /* Foundation.framework */ = {isa = PBXFileReference; lastKnownFileType = wrapper.framework; name = Foundation.framework; path = SDKs/MacOSX10.7.sdk/System/Library/Frameworks/Foundation.framework; sourceTree = DEVELOPER_DIR; };
/* End PBXFileReference section */

/* Begin PBXFrameworksBuildPhase section */
		A07D34F1140DC1E800832E1F /* Frameworks */ = {
			isa = PBXFrameworksBuildPhase;
			buildActionMask = 2147483647;
			files = (
				A07D34F8140DC1E800832E1F /* Foundation.framework in Frameworks */,
			);
			runOnlyForDeploymentPostprocessing = 0;
		};
		A0F713561413520300252B5F /* Frameworks */ = {
			isa = PBXFrameworksBuildPhase;
			buildActionMask = 2147483647;
			files = (
				A0F713671413529D00252B5F /* Foundation.framework in Frameworks */,
			);
			runOnlyForDeploymentPostprocessing = 0;
		};
/* End PBXFrameworksBuildPhase section */

/* Begin PBXGroup section */
		A0529ABF140DCAC300CFA6F8 /* Classes */ = {
			isa = PBXGroup;
			children = (
				A0529AC3140DCAC300CFA6F8 /* Models */,
				A064D96F140E053200255FD3 /* Controllers */,
			);
			name = Classes;
			path = classes;
			sourceTree = "<group>";
		};
		A0529AC3140DCAC300CFA6F8 /* Models */ = {
			isa = PBXGroup;
			children = (
				A092A664141706B40033C972 /* BKArgument.h */,
				A092A665141706B40033C972 /* BKArgument.m */,
				A0529AC7140DDCB500CFA6F8 /* BKMemoryCache.h */,
				A0529AC8140DDCB500CFA6F8 /* BKMemoryCache.m */,
				A064D96A140E047C00255FD3 /* BKSelectionOption.h */,
				A064D96B140E047C00255FD3 /* BKSelectionOption.m */,
			);
			name = Models;
			path = models;
			sourceTree = "<group>";
		};
		A0529AF3140DE01B00CFA6F8 /* Other Frameworks */ = {
			isa = PBXGroup;
			children = (
				A0529AF4140DE01B00CFA6F8 /* AppKit.framework */,
				A0529AF5140DE01B00CFA6F8 /* CoreData.framework */,
				A0529AF6140DE01B00CFA6F8 /* Foundation.framework */,
			);
			name = "Other Frameworks";
			sourceTree = "<group>";
		};
		A05CE1DA1416DF4D00B7002F /* Categories */ = {
			isa = PBXGroup;
			children = (
				A05CE1DB1416DF4D00B7002F /* BKStringDigest.h */,
				A05CE1DC1416DF4D00B7002F /* BKStringDigest.m */,
			);
			name = Categories;
			path = categories;
			sourceTree = "<group>";
		};
		A064D96F140E053200255FD3 /* Controllers */ = {
			isa = PBXGroup;
			children = (
				A064D970140E053200255FD3 /* iOS */,
			);
			name = Controllers;
			path = controllers;
			sourceTree = "<group>";
		};
		A064D970140E053200255FD3 /* iOS */ = {
			isa = PBXGroup;
			children = (
				A064D971140E053200255FD3 /* BKSelectionController.h */,
				A064D972140E053200255FD3 /* BKSelectionController.m */,
			);
			path = iOS;
			sourceTree = "<group>";
		};
		A07D34E9140DC1E800832E1F = {
			isa = PBXGroup;
			children = (
				A0529ABB140DC95A00CFA6F8 /* COPYING */,
				A0529ABC140DC95A00CFA6F8 /* README */,
				A07A7F261416D18000AB872D /* TODO */,
				A07D34F9140DC1E800832E1F /* BindleKit */,
				A07D34F6140DC1E800832E1F /* Frameworks */,
				A07D34F5140DC1E800832E1F /* Products */,
			);
			sourceTree = "<group>";
		};
		A07D34F5140DC1E800832E1F /* Products */ = {
			isa = PBXGroup;
			children = (
				A07D34F4140DC1E800832E1F /* libBindleKit.a */,
				A0F713591413520300252B5F /* libBindleKit.a */,
			);
			name = Products;
			sourceTree = "<group>";
		};
		A07D34F6140DC1E800832E1F /* Frameworks */ = {
			isa = PBXGroup;
			children = (
				A0F713661413529D00252B5F /* Foundation.framework */,
				A07D34F7140DC1E800832E1F /* Foundation.framework */,
				A07D3505140DC1E800832E1F /* SenTestingKit.framework */,
				A07D3507140DC1E900832E1F /* UIKit.framework */,
				A07D350A140DC1E900832E1F /* CoreGraphics.framework */,
				A0529AF1140DE01B00CFA6F8 /* Cocoa.framework */,
				A0529AF3140DE01B00CFA6F8 /* Other Frameworks */,
			);
			name = Frameworks;
			sourceTree = "<group>";
		};
		A07D34F9140DC1E800832E1F /* BindleKit */ = {
			isa = PBXGroup;
			children = (
				A07D34FC140DC1E800832E1F /* BindleKit.h */,
				A05CE1DA1416DF4D00B7002F /* Categories */,
				A0529ABF140DCAC300CFA6F8 /* Classes */,
				A07D34FA140DC1E800832E1F /* Supporting Files */,
			);
			path = BindleKit;
			sourceTree = "<group>";
		};
		A07D34FA140DC1E800832E1F /* Supporting Files */ = {
			isa = PBXGroup;
			children = (
				A07D34FB140DC1E800832E1F /* BindleKit-Prefix.pch */,
			);
			name = "Supporting Files";
			path = support;
			sourceTree = "<group>";
		};
/* End PBXGroup section */

/* Begin PBXHeadersBuildPhase section */
		A07D34F2140DC1E800832E1F /* Headers */ = {
			isa = PBXHeadersBuildPhase;
			buildActionMask = 2147483647;
			files = (
				A0529AC9140DDCB500CFA6F8 /* BKMemoryCache.h in Headers */,
				A064D96C140E047C00255FD3 /* BKSelectionOption.h in Headers */,
				A064D973140E053200255FD3 /* BKSelectionController.h in Headers */,
				A05CE1DD1416DF4D00B7002F /* BKStringDigest.h in Headers */,
				A092A666141706B40033C972 /* BKArgument.h in Headers */,
			);
			runOnlyForDeploymentPostprocessing = 0;
		};
		A0F713571413520300252B5F /* Headers */ = {
			isa = PBXHeadersBuildPhase;
			buildActionMask = 2147483647;
			files = (
				A05CE1DE1416DF4D00B7002F /* BKStringDigest.h in Headers */,
				A092A667141706B40033C972 /* BKArgument.h in Headers */,
			);
			runOnlyForDeploymentPostprocessing = 0;
		};
/* End PBXHeadersBuildPhase section */

/* Begin PBXNativeTarget section */
		A07D34F3140DC1E800832E1F /* iBindleKit */ = {
			isa = PBXNativeTarget;
			buildConfigurationList = A07D351B140DC1E900832E1F /* Build configuration list for PBXNativeTarget "iBindleKit" */;
			buildPhases = (
				A07D34F0140DC1E800832E1F /* Sources */,
				A07D34F1140DC1E800832E1F /* Frameworks */,
				A07D34F2140DC1E800832E1F /* Headers */,
			);
			buildRules = (
			);
			dependencies = (
			);
			name = iBindleKit;
			productName = BindleKit;
			productReference = A07D34F4140DC1E800832E1F /* libBindleKit.a */;
			productType = "com.apple.product-type.library.static";
		};
		A0F713581413520300252B5F /* BindleKit */ = {
			isa = PBXNativeTarget;
			buildConfigurationList = A0F713611413520300252B5F /* Build configuration list for PBXNativeTarget "BindleKit" */;
			buildPhases = (
				A0F713551413520300252B5F /* Sources */,
				A0F713561413520300252B5F /* Frameworks */,
				A0F713571413520300252B5F /* Headers */,
			);
			buildRules = (
			);
			dependencies = (
			);
			name = BindleKit;
			productName = BindleKit;
			productReference = A0F713591413520300252B5F /* libBindleKit.a */;
			productType = "com.apple.product-type.library.static";
		};
/* End PBXNativeTarget section */

/* Begin PBXProject section */
		A07D34EB140DC1E800832E1F /* Project object */ = {
			isa = PBXProject;
			attributes = {
				ORGANIZATIONNAME = "Bindle Binaries";
			};
			buildConfigurationList = A07D34EE140DC1E800832E1F /* Build configuration list for PBXProject "BindleKit" */;
			compatibilityVersion = "Xcode 3.2";
			developmentRegion = English;
			hasScannedForEncodings = 0;
			knownRegions = (
				en,
			);
			mainGroup = A07D34E9140DC1E800832E1F;
			productRefGroup = A07D34F5140DC1E800832E1F /* Products */;
			projectDirPath = "";
			projectRoot = "";
			targets = (
				A07D34F3140DC1E800832E1F /* iBindleKit */,
				A0F713581413520300252B5F /* BindleKit */,
			);
		};
/* End PBXProject section */

/* Begin PBXSourcesBuildPhase section */
		A07D34F0140DC1E800832E1F /* Sources */ = {
			isa = PBXSourcesBuildPhase;
			buildActionMask = 2147483647;
			files = (
				A0529ACA140DDCB500CFA6F8 /* BKMemoryCache.m in Sources */,
				A064D96D140E047C00255FD3 /* BKSelectionOption.m in Sources */,
				A064D974140E053200255FD3 /* BKSelectionController.m in Sources */,
				A05CE1DF1416DF4D00B7002F /* BKStringDigest.m in Sources */,
				A092A668141706B40033C972 /* BKArgument.m in Sources */,
			);
			runOnlyForDeploymentPostprocessing = 0;
		};
		A0F713551413520300252B5F /* Sources */ = {
			isa = PBXSourcesBuildPhase;
			buildActionMask = 2147483647;
			files = (
				A0F713641413526900252B5F /* BKMemoryCache.m in Sources */,
				A0F713651413526C00252B5F /* BKSelectionOption.m in Sources */,
				A05CE1E01416DF4D00B7002F /* BKStringDigest.m in Sources */,
				A092A669141706B40033C972 /* BKArgument.m in Sources */,
			);
			runOnlyForDeploymentPostprocessing = 0;
		};
/* End PBXSourcesBuildPhase section */

/* Begin XCBuildConfiguration section */
		A07D3519140DC1E900832E1F /* Debug */ = {
			isa = XCBuildConfiguration;
			buildSettings = {
				ALWAYS_SEARCH_USER_PATHS = NO;
				ARCHS = "$(ARCHS_STANDARD_32_BIT)";
				COPY_PHASE_STRIP = NO;
				GCC_C_LANGUAGE_STANDARD = gnu99;
				GCC_DYNAMIC_NO_PIC = NO;
				GCC_OPTIMIZATION_LEVEL = 0;
				GCC_PREPROCESSOR_DEFINITIONS = (
					"DEBUG=1",
					"$(inherited)",
				);
				GCC_SYMBOLS_PRIVATE_EXTERN = NO;
				GCC_VERSION = com.apple.compilers.llvm.clang.1_0;
				GCC_WARN_ABOUT_MISSING_PROTOTYPES = YES;
				GCC_WARN_ABOUT_RETURN_TYPE = YES;
				GCC_WARN_UNUSED_VARIABLE = YES;
				HEADER_SEARCH_PATHS = .;
				IPHONEOS_DEPLOYMENT_TARGET = 3.1;
				SDKROOT = iphoneos;
			};
			name = Debug;
		};
		A07D351A140DC1E900832E1F /* Release */ = {
			isa = XCBuildConfiguration;
			buildSettings = {
				ALWAYS_SEARCH_USER_PATHS = NO;
				ARCHS = "$(ARCHS_STANDARD_32_BIT)";
				COPY_PHASE_STRIP = YES;
				GCC_C_LANGUAGE_STANDARD = gnu99;
				GCC_VERSION = com.apple.compilers.llvm.clang.1_0;
				GCC_WARN_ABOUT_MISSING_PROTOTYPES = YES;
				GCC_WARN_ABOUT_RETURN_TYPE = YES;
				GCC_WARN_UNUSED_VARIABLE = YES;
				HEADER_SEARCH_PATHS = .;
				IPHONEOS_DEPLOYMENT_TARGET = 3.1;
				SDKROOT = iphoneos;
				VALIDATE_PRODUCT = YES;
			};
			name = Release;
		};
		A07D351C140DC1E900832E1F /* Debug */ = {
			isa = XCBuildConfiguration;
			buildSettings = {
				DSTROOT = /tmp/BindleKit.dst;
				GCC_PRECOMPILE_PREFIX_HEADER = YES;
				GCC_PREFIX_HEADER = "BindleKit/support/BindleKit-Prefix.pch";
				OTHER_LDFLAGS = "-ObjC";
				PRODUCT_NAME = "$(TARGET_NAME)";
				SKIP_INSTALL = YES;
			};
			name = Debug;
		};
		A07D351D140DC1E900832E1F /* Release */ = {
			isa = XCBuildConfiguration;
			buildSettings = {
				DSTROOT = /tmp/BindleKit.dst;
				GCC_PRECOMPILE_PREFIX_HEADER = YES;
				GCC_PREFIX_HEADER = "BindleKit/support/BindleKit-Prefix.pch";
				OTHER_LDFLAGS = "-ObjC";
				PRODUCT_NAME = "$(TARGET_NAME)";
				SKIP_INSTALL = YES;
			};
			name = Release;
		};
		A0F713621413520300252B5F /* Debug */ = {
			isa = XCBuildConfiguration;
			buildSettings = {
				ARCHS = "$(ARCHS_STANDARD_64_BIT)";
				FRAMEWORK_SEARCH_PATHS = (
					"$(inherited)",
					"\"$(DEVELOPER_FRAMEWORKS_DIR)\"",
				);
				GCC_ENABLE_OBJC_EXCEPTIONS = YES;
				GCC_PRECOMPILE_PREFIX_HEADER = YES;
				GCC_PREFIX_HEADER = "BindleKit/support/BindleKit-Prefix.pch";
				GCC_WARN_64_TO_32_BIT_CONVERSION = YES;
				MACOSX_DEPLOYMENT_TARGET = 10.7;
				ONLY_ACTIVE_ARCH = YES;
				PRODUCT_NAME = "$(TARGET_NAME)";
				SDKROOT = macosx;
			};
			name = Debug;
		};
		A0F713631413520300252B5F /* Release */ = {
			isa = XCBuildConfiguration;
			buildSettings = {
				ARCHS = "$(ARCHS_STANDARD_64_BIT)";
				DEBUG_INFORMATION_FORMAT = "dwarf-with-dsym";
				FRAMEWORK_SEARCH_PATHS = (
					"$(inherited)",
					"\"$(DEVELOPER_FRAMEWORKS_DIR)\"",
				);
				GCC_ENABLE_OBJC_EXCEPTIONS = YES;
				GCC_PRECOMPILE_PREFIX_HEADER = YES;
				GCC_PREFIX_HEADER = "BindleKit/support/BindleKit-Prefix.pch";
				GCC_WARN_64_TO_32_BIT_CONVERSION = YES;
				MACOSX_DEPLOYMENT_TARGET = 10.7;
				PRODUCT_NAME = "$(TARGET_NAME)";
				SDKROOT = macosx;
			};
			name = Release;
		};
/* End XCBuildConfiguration section */

/* Begin XCConfigurationList section */
		A07D34EE140DC1E800832E1F /* Build configuration list for PBXProject "BindleKit" */ = {
			isa = XCConfigurationList;
			buildConfigurations = (
				A07D3519140DC1E900832E1F /* Debug */,
				A07D351A140DC1E900832E1F /* Release */,
			);
			defaultConfigurationIsVisible = 0;
			defaultConfigurationName = Release;
		};
		A07D351B140DC1E900832E1F /* Build configuration list for PBXNativeTarget "iBindleKit" */ = {
			isa = XCConfigurationList;
			buildConfigurations = (
				A07D351C140DC1E900832E1F /* Debug */,
				A07D351D140DC1E900832E1F /* Release */,
			);
			defaultConfigurationIsVisible = 0;
			defaultConfigurationName = Release;
		};
		A0F713611413520300252B5F /* Build configuration list for PBXNativeTarget "BindleKit" */ = {
			isa = XCConfigurationList;
			buildConfigurations = (
				A0F713621413520300252B5F /* Debug */,
				A0F713631413520300252B5F /* Release */,
			);
			defaultConfigurationIsVisible = 0;
			defaultConfigurationName = Release;
		};
/* End XCConfigurationList section */
	};
	rootObject = A07D34EB140DC1E800832E1F /* Project object */;
}
